// !$*UTF8*$!
{
	archiveVersion = 1;
	classes = {
	};
	objectVersion = 56;
	objects = {

/* Begin PBXBuildFile section */
		66EF9ADE2BB2B5CB008BBABF /* ButterflyMovieApp.swift in Sources */ = {isa = PBXBuildFile; fileRef = 66EF9ADD2BB2B5CB008BBABF /* ButterflyMovieApp.swift */; };
		66EF9AE32BB2B5CB008BBABF /* ButterflyMovie.xcdatamodeld in Sources */ = {isa = PBXBuildFile; fileRef = 66EF9AE12BB2B5CB008BBABF /* ButterflyMovie.xcdatamodeld */; };
		66EF9AEB2BB2B5CC008BBABF /* Preview Assets.xcassets in Resources */ = {isa = PBXBuildFile; fileRef = 66EF9AEA2BB2B5CC008BBABF /* Preview Assets.xcassets */; };
		66EF9AF52BB2B5CC008BBABF /* ButterflyMovieTests.swift in Sources */ = {isa = PBXBuildFile; fileRef = 66EF9AF42BB2B5CC008BBABF /* ButterflyMovieTests.swift */; };
		66EF9AFF2BB2B5CC008BBABF /* ButterflyMovieUITests.swift in Sources */ = {isa = PBXBuildFile; fileRef = 66EF9AFE2BB2B5CC008BBABF /* ButterflyMovieUITests.swift */; };
		66EF9B012BB2B5CC008BBABF /* ButterflyMovieUITestsLaunchTests.swift in Sources */ = {isa = PBXBuildFile; fileRef = 66EF9B002BB2B5CC008BBABF /* ButterflyMovieUITestsLaunchTests.swift */; };
		66EF9B352BB2B694008BBABF /* PersistenceController.swift in Sources */ = {isa = PBXBuildFile; fileRef = 66EF9B0F2BB2B694008BBABF /* PersistenceController.swift */; };
		66EF9B362BB2B694008BBABF /* ActivityIndicatorContainer.swift in Sources */ = {isa = PBXBuildFile; fileRef = 66EF9B102BB2B694008BBABF /* ActivityIndicatorContainer.swift */; };
		66EF9B372BB2B694008BBABF /* ErrorContainerView.swift in Sources */ = {isa = PBXBuildFile; fileRef = 66EF9B112BB2B694008BBABF /* ErrorContainerView.swift */; };
		66EF9B382BB2B694008BBABF /* MovieDetailView.swift in Sources */ = {isa = PBXBuildFile; fileRef = 66EF9B122BB2B694008BBABF /* MovieDetailView.swift */; };
		66EF9B392BB2B694008BBABF /* MovieFavoriteView.swift in Sources */ = {isa = PBXBuildFile; fileRef = 66EF9B132BB2B694008BBABF /* MovieFavoriteView.swift */; };
		66EF9B3A2BB2B694008BBABF /* MovieSearchView.swift in Sources */ = {isa = PBXBuildFile; fileRef = 66EF9B142BB2B694008BBABF /* MovieSearchView.swift */; };
		66EF9B3B2BB2B694008BBABF /* MovieView.swift in Sources */ = {isa = PBXBuildFile; fileRef = 66EF9B152BB2B694008BBABF /* MovieView.swift */; };
		66EF9B3C2BB2B694008BBABF /* SearchBarView.swift in Sources */ = {isa = PBXBuildFile; fileRef = 66EF9B162BB2B694008BBABF /* SearchBarView.swift */; };
		66EF9B3D2BB2B694008BBABF /* WebImageView.swift in Sources */ = {isa = PBXBuildFile; fileRef = 66EF9B172BB2B694008BBABF /* WebImageView.swift */; };
		66EF9B3E2BB2B694008BBABF /* Dev.xcconfig in Resources */ = {isa = PBXBuildFile; fileRef = 66EF9B192BB2B694008BBABF /* Dev.xcconfig */; };
		66EF9B3F2BB2B694008BBABF /* Release.xcconfig in Resources */ = {isa = PBXBuildFile; fileRef = 66EF9B1A2BB2B694008BBABF /* Release.xcconfig */; };
		66EF9B402BB2B694008BBABF /* Reachability.swift in Sources */ = {isa = PBXBuildFile; fileRef = 66EF9B1C2BB2B694008BBABF /* Reachability.swift */; };
		66EF9B412BB2B694008BBABF /* ViewDidLoadModifier.swift in Sources */ = {isa = PBXBuildFile; fileRef = 66EF9B1E2BB2B694008BBABF /* ViewDidLoadModifier.swift */; };
		66EF9B422BB2B694008BBABF /* NetworkManager.swift in Sources */ = {isa = PBXBuildFile; fileRef = 66EF9B202BB2B694008BBABF /* NetworkManager.swift */; };
		66EF9B432BB2B694008BBABF /* Url+Extension.swift in Sources */ = {isa = PBXBuildFile; fileRef = 66EF9B212BB2B694008BBABF /* Url+Extension.swift */; };
		66EF9B442BB2B694008BBABF /* ErrorMessage.swift in Sources */ = {isa = PBXBuildFile; fileRef = 66EF9B232BB2B694008BBABF /* ErrorMessage.swift */; };
		66EF9B452BB2B694008BBABF /* MovieDataManager.swift in Sources */ = {isa = PBXBuildFile; fileRef = 66EF9B242BB2B694008BBABF /* MovieDataManager.swift */; };
		66EF9B472BB2B694008BBABF /* MovieSearchVM.swift in Sources */ = {isa = PBXBuildFile; fileRef = 66EF9B272BB2B694008BBABF /* MovieSearchVM.swift */; };
		66EF9B482BB2B694008BBABF /* ButterflyEnvironment.swift in Sources */ = {isa = PBXBuildFile; fileRef = 66EF9B292BB2B694008BBABF /* ButterflyEnvironment.swift */; };
		66EF9B4A2BB2B694008BBABF /* Assets.xcassets in Resources */ = {isa = PBXBuildFile; fileRef = 66EF9B2C2BB2B694008BBABF /* Assets.xcassets */; };
		66EF9B4B2BB2B694008BBABF /* MovieList.json in Resources */ = {isa = PBXBuildFile; fileRef = 66EF9B2D2BB2B694008BBABF /* MovieList.json */; };
		66EF9B4C2BB2B694008BBABF /* Preview Assets.xcassets in Resources */ = {isa = PBXBuildFile; fileRef = 66EF9B2F2BB2B694008BBABF /* Preview Assets.xcassets */; };
		66EF9B4D2BB2B694008BBABF /* MovieDetail.swift in Sources */ = {isa = PBXBuildFile; fileRef = 66EF9B312BB2B694008BBABF /* MovieDetail.swift */; };
		66EF9B4E2BB2B694008BBABF /* MovieDetailDB+CoreDataClass.swift in Sources */ = {isa = PBXBuildFile; fileRef = 66EF9B322BB2B694008BBABF /* MovieDetailDB+CoreDataClass.swift */; };
		66EF9B4F2BB2B694008BBABF /* MovieDetailDB+CoreDataProperties.swift in Sources */ = {isa = PBXBuildFile; fileRef = 66EF9B332BB2B694008BBABF /* MovieDetailDB+CoreDataProperties.swift */; };
		66EF9B522BB2B6AD008BBABF /* Kingfisher in Frameworks */ = {isa = PBXBuildFile; productRef = 66EF9B512BB2B6AD008BBABF /* Kingfisher */; };
		66EF9B542BB2BA77008BBABF /* Constant.swift in Sources */ = {isa = PBXBuildFile; fileRef = 66EF9B532BB2BA77008BBABF /* Constant.swift */; };
/* End PBXBuildFile section */

/* Begin PBXContainerItemProxy section */
		66EF9AF12BB2B5CC008BBABF /* PBXContainerItemProxy */ = {
			isa = PBXContainerItemProxy;
			containerPortal = 66EF9AD22BB2B5CB008BBABF /* Project object */;
			proxyType = 1;
			remoteGlobalIDString = 66EF9AD92BB2B5CB008BBABF;
			remoteInfo = ButterflyMovie;
		};
		66EF9AFB2BB2B5CC008BBABF /* PBXContainerItemProxy */ = {
			isa = PBXContainerItemProxy;
			containerPortal = 66EF9AD22BB2B5CB008BBABF /* Project object */;
			proxyType = 1;
			remoteGlobalIDString = 66EF9AD92BB2B5CB008BBABF;
			remoteInfo = ButterflyMovie;
		};
/* End PBXContainerItemProxy section */

/* Begin PBXFileReference section */
		66EF9ADA2BB2B5CB008BBABF /* ButterflyMovie.app */ = {isa = PBXFileReference; explicitFileType = wrapper.application; includeInIndex = 0; path = ButterflyMovie.app; sourceTree = BUILT_PRODUCTS_DIR; };
		66EF9ADD2BB2B5CB008BBABF /* ButterflyMovieApp.swift */ = {isa = PBXFileReference; lastKnownFileType = sourcecode.swift; path = ButterflyMovieApp.swift; sourceTree = "<group>"; };
		66EF9AE22BB2B5CB008BBABF /* ButterflyMovie.xcdatamodel */ = {isa = PBXFileReference; lastKnownFileType = wrapper.xcdatamodel; path = ButterflyMovie.xcdatamodel; sourceTree = "<group>"; };
		66EF9AE82BB2B5CC008BBABF /* ButterflyMovie.entitlements */ = {isa = PBXFileReference; lastKnownFileType = text.plist.entitlements; path = ButterflyMovie.entitlements; sourceTree = "<group>"; };
		66EF9AEA2BB2B5CC008BBABF /* Preview Assets.xcassets */ = {isa = PBXFileReference; lastKnownFileType = folder.assetcatalog; path = "Preview Assets.xcassets"; sourceTree = "<group>"; };
		66EF9AF02BB2B5CC008BBABF /* ButterflyMovieTests.xctest */ = {isa = PBXFileReference; explicitFileType = wrapper.cfbundle; includeInIndex = 0; path = ButterflyMovieTests.xctest; sourceTree = BUILT_PRODUCTS_DIR; };
		66EF9AF42BB2B5CC008BBABF /* ButterflyMovieTests.swift */ = {isa = PBXFileReference; lastKnownFileType = sourcecode.swift; path = ButterflyMovieTests.swift; sourceTree = "<group>"; };
		66EF9AFA2BB2B5CC008BBABF /* ButterflyMovieUITests.xctest */ = {isa = PBXFileReference; explicitFileType = wrapper.cfbundle; includeInIndex = 0; path = ButterflyMovieUITests.xctest; sourceTree = BUILT_PRODUCTS_DIR; };
		66EF9AFE2BB2B5CC008BBABF /* ButterflyMovieUITests.swift */ = {isa = PBXFileReference; lastKnownFileType = sourcecode.swift; path = ButterflyMovieUITests.swift; sourceTree = "<group>"; };
		66EF9B002BB2B5CC008BBABF /* ButterflyMovieUITestsLaunchTests.swift */ = {isa = PBXFileReference; lastKnownFileType = sourcecode.swift; path = ButterflyMovieUITestsLaunchTests.swift; sourceTree = "<group>"; };
		66EF9B0F2BB2B694008BBABF /* PersistenceController.swift */ = {isa = PBXFileReference; fileEncoding = 4; lastKnownFileType = sourcecode.swift; path = PersistenceController.swift; sourceTree = "<group>"; };
		66EF9B102BB2B694008BBABF /* ActivityIndicatorContainer.swift */ = {isa = PBXFileReference; fileEncoding = 4; lastKnownFileType = sourcecode.swift; path = ActivityIndicatorContainer.swift; sourceTree = "<group>"; };
		66EF9B112BB2B694008BBABF /* ErrorContainerView.swift */ = {isa = PBXFileReference; fileEncoding = 4; lastKnownFileType = sourcecode.swift; path = ErrorContainerView.swift; sourceTree = "<group>"; };
		66EF9B122BB2B694008BBABF /* MovieDetailView.swift */ = {isa = PBXFileReference; fileEncoding = 4; lastKnownFileType = sourcecode.swift; path = MovieDetailView.swift; sourceTree = "<group>"; };
		66EF9B132BB2B694008BBABF /* MovieFavoriteView.swift */ = {isa = PBXFileReference; fileEncoding = 4; lastKnownFileType = sourcecode.swift; path = MovieFavoriteView.swift; sourceTree = "<group>"; };
		66EF9B142BB2B694008BBABF /* MovieSearchView.swift */ = {isa = PBXFileReference; fileEncoding = 4; lastKnownFileType = sourcecode.swift; path = MovieSearchView.swift; sourceTree = "<group>"; };
		66EF9B152BB2B694008BBABF /* MovieView.swift */ = {isa = PBXFileReference; fileEncoding = 4; lastKnownFileType = sourcecode.swift; path = MovieView.swift; sourceTree = "<group>"; };
		66EF9B162BB2B694008BBABF /* SearchBarView.swift */ = {isa = PBXFileReference; fileEncoding = 4; lastKnownFileType = sourcecode.swift; path = SearchBarView.swift; sourceTree = "<group>"; };
		66EF9B172BB2B694008BBABF /* WebImageView.swift */ = {isa = PBXFileReference; fileEncoding = 4; lastKnownFileType = sourcecode.swift; path = WebImageView.swift; sourceTree = "<group>"; };
		66EF9B192BB2B694008BBABF /* Dev.xcconfig */ = {isa = PBXFileReference; fileEncoding = 4; lastKnownFileType = text.xcconfig; path = Dev.xcconfig; sourceTree = "<group>"; };
		66EF9B1A2BB2B694008BBABF /* Release.xcconfig */ = {isa = PBXFileReference; fileEncoding = 4; lastKnownFileType = text.xcconfig; path = Release.xcconfig; sourceTree = "<group>"; };
		66EF9B1C2BB2B694008BBABF /* Reachability.swift */ = {isa = PBXFileReference; fileEncoding = 4; lastKnownFileType = sourcecode.swift; path = Reachability.swift; sourceTree = "<group>"; };
		66EF9B1E2BB2B694008BBABF /* ViewDidLoadModifier.swift */ = {isa = PBXFileReference; fileEncoding = 4; lastKnownFileType = sourcecode.swift; path = ViewDidLoadModifier.swift; sourceTree = "<group>"; };
		66EF9B202BB2B694008BBABF /* NetworkManager.swift */ = {isa = PBXFileReference; fileEncoding = 4; lastKnownFileType = sourcecode.swift; path = NetworkManager.swift; sourceTree = "<group>"; };
		66EF9B212BB2B694008BBABF /* Url+Extension.swift */ = {isa = PBXFileReference; fileEncoding = 4; lastKnownFileType = sourcecode.swift; path = "Url+Extension.swift"; sourceTree = "<group>"; };
		66EF9B232BB2B694008BBABF /* ErrorMessage.swift */ = {isa = PBXFileReference; fileEncoding = 4; lastKnownFileType = sourcecode.swift; path = ErrorMessage.swift; sourceTree = "<group>"; };
		66EF9B242BB2B694008BBABF /* MovieDataManager.swift */ = {isa = PBXFileReference; fileEncoding = 4; lastKnownFileType = sourcecode.swift; path = MovieDataManager.swift; sourceTree = "<group>"; };
		66EF9B272BB2B694008BBABF /* MovieSearchVM.swift */ = {isa = PBXFileReference; fileEncoding = 4; lastKnownFileType = sourcecode.swift; path = MovieSearchVM.swift; sourceTree = "<group>"; };
		66EF9B292BB2B694008BBABF /* ButterflyEnvironment.swift */ = {isa = PBXFileReference; fileEncoding = 4; lastKnownFileType = sourcecode.swift; path = ButterflyEnvironment.swift; sourceTree = "<group>"; };
		66EF9B2C2BB2B694008BBABF /* Assets.xcassets */ = {isa = PBXFileReference; lastKnownFileType = folder.assetcatalog; path = Assets.xcassets; sourceTree = "<group>"; };
		66EF9B2D2BB2B694008BBABF /* MovieList.json */ = {isa = PBXFileReference; fileEncoding = 4; lastKnownFileType = text.json; path = MovieList.json; sourceTree = "<group>"; };
		66EF9B2F2BB2B694008BBABF /* Preview Assets.xcassets */ = {isa = PBXFileReference; lastKnownFileType = folder.assetcatalog; path = "Preview Assets.xcassets"; sourceTree = "<group>"; };
		66EF9B312BB2B694008BBABF /* MovieDetail.swift */ = {isa = PBXFileReference; fileEncoding = 4; lastKnownFileType = sourcecode.swift; path = MovieDetail.swift; sourceTree = "<group>"; };
		66EF9B322BB2B694008BBABF /* MovieDetailDB+CoreDataClass.swift */ = {isa = PBXFileReference; fileEncoding = 4; lastKnownFileType = sourcecode.swift; path = "MovieDetailDB+CoreDataClass.swift"; sourceTree = "<group>"; };
		66EF9B332BB2B694008BBABF /* MovieDetailDB+CoreDataProperties.swift */ = {isa = PBXFileReference; fileEncoding = 4; lastKnownFileType = sourcecode.swift; path = "MovieDetailDB+CoreDataProperties.swift"; sourceTree = "<group>"; };
		66EF9B532BB2BA77008BBABF /* Constant.swift */ = {isa = PBXFileReference; fileEncoding = 4; lastKnownFileType = sourcecode.swift; name = Constant.swift; path = ButterflyMovie/Constant.swift; sourceTree = SOURCE_ROOT; };
		66EF9B5C2BB2C99E008BBABF /* Info.plist */ = {isa = PBXFileReference; lastKnownFileType = text.plist; path = Info.plist; sourceTree = "<group>"; };
/* End PBXFileReference section */

/* Begin PBXFrameworksBuildPhase section */
		66EF9AD72BB2B5CB008BBABF /* Frameworks */ = {
			isa = PBXFrameworksBuildPhase;
			buildActionMask = 2147483647;
			files = (
				66EF9B522BB2B6AD008BBABF /* Kingfisher in Frameworks */,
			);
			runOnlyForDeploymentPostprocessing = 0;
		};
		66EF9AED2BB2B5CC008BBABF /* Frameworks */ = {
			isa = PBXFrameworksBuildPhase;
			buildActionMask = 2147483647;
			files = (
			);
			runOnlyForDeploymentPostprocessing = 0;
		};
		66EF9AF72BB2B5CC008BBABF /* Frameworks */ = {
			isa = PBXFrameworksBuildPhase;
			buildActionMask = 2147483647;
			files = (
			);
			runOnlyForDeploymentPostprocessing = 0;
		};
/* End PBXFrameworksBuildPhase section */

/* Begin PBXGroup section */
		66EF9AD12BB2B5CB008BBABF = {
			isa = PBXGroup;
			children = (
				66EF9ADC2BB2B5CB008BBABF /* ButterflyMovie */,
				66EF9AF32BB2B5CC008BBABF /* ButterflyMovieTests */,
				66EF9AFD2BB2B5CC008BBABF /* ButterflyMovieUITests */,
				66EF9ADB2BB2B5CB008BBABF /* Products */,
			);
			sourceTree = "<group>";
		};
		66EF9ADB2BB2B5CB008BBABF /* Products */ = {
			isa = PBXGroup;
			children = (
				66EF9ADA2BB2B5CB008BBABF /* ButterflyMovie.app */,
				66EF9AF02BB2B5CC008BBABF /* ButterflyMovieTests.xctest */,
				66EF9AFA2BB2B5CC008BBABF /* ButterflyMovieUITests.xctest */,
			);
			name = Products;
			sourceTree = "<group>";
		};
		66EF9ADC2BB2B5CB008BBABF /* ButterflyMovie */ = {
			isa = PBXGroup;
			children = (
				66EF9B5C2BB2C99E008BBABF /* Info.plist */,
				66EF9B292BB2B694008BBABF /* ButterflyEnvironment.swift */,
				66EF9B342BB2B694008BBABF /* Model */,
				66EF9B302BB2B694008BBABF /* Preview Content */,
				66EF9B182BB2B694008BBABF /* View */,
				66EF9B282BB2B694008BBABF /* ViewModel */,
				66EF9B1B2BB2B694008BBABF /* ButterflyConfig */,
				66EF9B252BB2B694008BBABF /* Helper */,
				66EF9B2E2BB2B694008BBABF /* JsonFile */,
				66EF9ADD2BB2B5CB008BBABF /* ButterflyMovieApp.swift */,
				66EF9B0F2BB2B694008BBABF /* PersistenceController.swift */,
				66EF9B2C2BB2B694008BBABF /* Assets.xcassets */,
				66EF9AE82BB2B5CC008BBABF /* ButterflyMovie.entitlements */,
				66EF9AE12BB2B5CB008BBABF /* ButterflyMovie.xcdatamodeld */,
				66EF9AE92BB2B5CC008BBABF /* Preview Content */,
			);
			path = ButterflyMovie;
			sourceTree = "<group>";
		};
		66EF9AE92BB2B5CC008BBABF /* Preview Content */ = {
			isa = PBXGroup;
			children = (
				66EF9AEA2BB2B5CC008BBABF /* Preview Assets.xcassets */,
			);
			path = "Preview Content";
			sourceTree = "<group>";
		};
		66EF9AF32BB2B5CC008BBABF /* ButterflyMovieTests */ = {
			isa = PBXGroup;
			children = (
				66EF9AF42BB2B5CC008BBABF /* ButterflyMovieTests.swift */,
			);
			path = ButterflyMovieTests;
			sourceTree = "<group>";
		};
		66EF9AFD2BB2B5CC008BBABF /* ButterflyMovieUITests */ = {
			isa = PBXGroup;
			children = (
				66EF9AFE2BB2B5CC008BBABF /* ButterflyMovieUITests.swift */,
				66EF9B002BB2B5CC008BBABF /* ButterflyMovieUITestsLaunchTests.swift */,
			);
			path = ButterflyMovieUITests;
			sourceTree = "<group>";
		};
		66EF9B182BB2B694008BBABF /* View */ = {
			isa = PBXGroup;
			children = (
				66EF9B102BB2B694008BBABF /* ActivityIndicatorContainer.swift */,
				66EF9B112BB2B694008BBABF /* ErrorContainerView.swift */,
				66EF9B122BB2B694008BBABF /* MovieDetailView.swift */,
				66EF9B132BB2B694008BBABF /* MovieFavoriteView.swift */,
				66EF9B142BB2B694008BBABF /* MovieSearchView.swift */,
				66EF9B152BB2B694008BBABF /* MovieView.swift */,
				66EF9B162BB2B694008BBABF /* SearchBarView.swift */,
				66EF9B172BB2B694008BBABF /* WebImageView.swift */,
			);
			path = View;
			sourceTree = "<group>";
		};
		66EF9B1B2BB2B694008BBABF /* ButterflyConfig */ = {
			isa = PBXGroup;
			children = (
				66EF9B192BB2B694008BBABF /* Dev.xcconfig */,
				66EF9B1A2BB2B694008BBABF /* Release.xcconfig */,
			);
			path = ButterflyConfig;
			sourceTree = "<group>";
		};
		66EF9B1D2BB2B694008BBABF /* Library */ = {
			isa = PBXGroup;
			children = (
				66EF9B1C2BB2B694008BBABF /* Reachability.swift */,
			);
			path = Library;
			sourceTree = "<group>";
		};
		66EF9B1F2BB2B694008BBABF /* Modifier */ = {
			isa = PBXGroup;
			children = (
				66EF9B1E2BB2B694008BBABF /* ViewDidLoadModifier.swift */,
			);
			path = Modifier;
			sourceTree = "<group>";
		};
		66EF9B222BB2B694008BBABF /* Network */ = {
			isa = PBXGroup;
			children = (
				66EF9B202BB2B694008BBABF /* NetworkManager.swift */,
				66EF9B212BB2B694008BBABF /* Url+Extension.swift */,
			);
			path = Network;
			sourceTree = "<group>";
		};
		66EF9B252BB2B694008BBABF /* Helper */ = {
			isa = PBXGroup;
			children = (
				66EF9B532BB2BA77008BBABF /* Constant.swift */,
				66EF9B1D2BB2B694008BBABF /* Library */,
				66EF9B1F2BB2B694008BBABF /* Modifier */,
				66EF9B222BB2B694008BBABF /* Network */,
				66EF9B232BB2B694008BBABF /* ErrorMessage.swift */,
				66EF9B242BB2B694008BBABF /* MovieDataManager.swift */,
			);
			path = Helper;
			sourceTree = "<group>";
		};
		66EF9B282BB2B694008BBABF /* ViewModel */ = {
			isa = PBXGroup;
			children = (
				66EF9B272BB2B694008BBABF /* MovieSearchVM.swift */,
			);
			path = ViewModel;
			sourceTree = "<group>";
		};
		66EF9B2E2BB2B694008BBABF /* JsonFile */ = {
			isa = PBXGroup;
			children = (
				66EF9B2D2BB2B694008BBABF /* MovieList.json */,
			);
			path = JsonFile;
			sourceTree = "<group>";
		};
		66EF9B302BB2B694008BBABF /* Preview Content */ = {
			isa = PBXGroup;
			children = (
				66EF9B2F2BB2B694008BBABF /* Preview Assets.xcassets */,
			);
			path = "Preview Content";
			sourceTree = "<group>";
		};
		66EF9B342BB2B694008BBABF /* Model */ = {
			isa = PBXGroup;
			children = (
				66EF9B312BB2B694008BBABF /* MovieDetail.swift */,
				66EF9B322BB2B694008BBABF /* MovieDetailDB+CoreDataClass.swift */,
				66EF9B332BB2B694008BBABF /* MovieDetailDB+CoreDataProperties.swift */,
			);
			path = Model;
			sourceTree = "<group>";
		};
/* End PBXGroup section */

/* Begin PBXNativeTarget section */
		66EF9AD92BB2B5CB008BBABF /* ButterflyMovie */ = {
			isa = PBXNativeTarget;
			buildConfigurationList = 66EF9B042BB2B5CC008BBABF /* Build configuration list for PBXNativeTarget "ButterflyMovie" */;
			buildPhases = (
				66EF9AD62BB2B5CB008BBABF /* Sources */,
				66EF9AD72BB2B5CB008BBABF /* Frameworks */,
				66EF9AD82BB2B5CB008BBABF /* Resources */,
			);
			buildRules = (
			);
			dependencies = (
			);
			name = ButterflyMovie;
			packageProductDependencies = (
				66EF9B512BB2B6AD008BBABF /* Kingfisher */,
			);
			productName = ButterflyMovie;
			productReference = 66EF9ADA2BB2B5CB008BBABF /* ButterflyMovie.app */;
			productType = "com.apple.product-type.application";
		};
		66EF9AEF2BB2B5CC008BBABF /* ButterflyMovieTests */ = {
			isa = PBXNativeTarget;
			buildConfigurationList = 66EF9B072BB2B5CC008BBABF /* Build configuration list for PBXNativeTarget "ButterflyMovieTests" */;
			buildPhases = (
				66EF9AEC2BB2B5CC008BBABF /* Sources */,
				66EF9AED2BB2B5CC008BBABF /* Frameworks */,
				66EF9AEE2BB2B5CC008BBABF /* Resources */,
			);
			buildRules = (
			);
			dependencies = (
				66EF9AF22BB2B5CC008BBABF /* PBXTargetDependency */,
			);
			name = ButterflyMovieTests;
			productName = ButterflyMovieTests;
			productReference = 66EF9AF02BB2B5CC008BBABF /* ButterflyMovieTests.xctest */;
			productType = "com.apple.product-type.bundle.unit-test";
		};
		66EF9AF92BB2B5CC008BBABF /* ButterflyMovieUITests */ = {
			isa = PBXNativeTarget;
			buildConfigurationList = 66EF9B0A2BB2B5CC008BBABF /* Build configuration list for PBXNativeTarget "ButterflyMovieUITests" */;
			buildPhases = (
				66EF9AF62BB2B5CC008BBABF /* Sources */,
				66EF9AF72BB2B5CC008BBABF /* Frameworks */,
				66EF9AF82BB2B5CC008BBABF /* Resources */,
			);
			buildRules = (
			);
			dependencies = (
				66EF9AFC2BB2B5CC008BBABF /* PBXTargetDependency */,
			);
			name = ButterflyMovieUITests;
			productName = ButterflyMovieUITests;
			productReference = 66EF9AFA2BB2B5CC008BBABF /* ButterflyMovieUITests.xctest */;
			productType = "com.apple.product-type.bundle.ui-testing";
		};
/* End PBXNativeTarget section */

/* Begin PBXProject section */
		66EF9AD22BB2B5CB008BBABF /* Project object */ = {
			isa = PBXProject;
			attributes = {
				BuildIndependentTargetsInParallel = 1;
				LastSwiftUpdateCheck = 1530;
				LastUpgradeCheck = 1530;
				TargetAttributes = {
					66EF9AD92BB2B5CB008BBABF = {
						CreatedOnToolsVersion = 15.3;
					};
					66EF9AEF2BB2B5CC008BBABF = {
						CreatedOnToolsVersion = 15.3;
						TestTargetID = 66EF9AD92BB2B5CB008BBABF;
					};
					66EF9AF92BB2B5CC008BBABF = {
						CreatedOnToolsVersion = 15.3;
						TestTargetID = 66EF9AD92BB2B5CB008BBABF;
					};
				};
			};
			buildConfigurationList = 66EF9AD52BB2B5CB008BBABF /* Build configuration list for PBXProject "ButterflyMovie" */;
			compatibilityVersion = "Xcode 14.0";
			developmentRegion = en;
			hasScannedForEncodings = 0;
			knownRegions = (
				en,
				Base,
			);
			mainGroup = 66EF9AD12BB2B5CB008BBABF;
			packageReferences = (
				66EF9B502BB2B6AD008BBABF /* XCRemoteSwiftPackageReference "Kingfisher" */,
			);
			productRefGroup = 66EF9ADB2BB2B5CB008BBABF /* Products */;
			projectDirPath = "";
			projectRoot = "";
			targets = (
				66EF9AD92BB2B5CB008BBABF /* ButterflyMovie */,
				66EF9AEF2BB2B5CC008BBABF /* ButterflyMovieTests */,
				66EF9AF92BB2B5CC008BBABF /* ButterflyMovieUITests */,
			);
		};
/* End PBXProject section */

/* Begin PBXResourcesBuildPhase section */
		66EF9AD82BB2B5CB008BBABF /* Resources */ = {
			isa = PBXResourcesBuildPhase;
			buildActionMask = 2147483647;
			files = (
				66EF9B3E2BB2B694008BBABF /* Dev.xcconfig in Resources */,
				66EF9B4B2BB2B694008BBABF /* MovieList.json in Resources */,
				66EF9AEB2BB2B5CC008BBABF /* Preview Assets.xcassets in Resources */,
				66EF9B4A2BB2B694008BBABF /* Assets.xcassets in Resources */,
				66EF9B4C2BB2B694008BBABF /* Preview Assets.xcassets in Resources */,
				66EF9B3F2BB2B694008BBABF /* Release.xcconfig in Resources */,
			);
			runOnlyForDeploymentPostprocessing = 0;
		};
		66EF9AEE2BB2B5CC008BBABF /* Resources */ = {
			isa = PBXResourcesBuildPhase;
			buildActionMask = 2147483647;
			files = (
			);
			runOnlyForDeploymentPostprocessing = 0;
		};
		66EF9AF82BB2B5CC008BBABF /* Resources */ = {
			isa = PBXResourcesBuildPhase;
			buildActionMask = 2147483647;
			files = (
			);
			runOnlyForDeploymentPostprocessing = 0;
		};
/* End PBXResourcesBuildPhase section */

/* Begin PBXSourcesBuildPhase section */
		66EF9AD62BB2B5CB008BBABF /* Sources */ = {
			isa = PBXSourcesBuildPhase;
			buildActionMask = 2147483647;
			files = (
				66EF9B3C2BB2B694008BBABF /* SearchBarView.swift in Sources */,
				66EF9B472BB2B694008BBABF /* MovieSearchVM.swift in Sources */,
				66EF9B382BB2B694008BBABF /* MovieDetailView.swift in Sources */,
				66EF9B482BB2B694008BBABF /* ButterflyEnvironment.swift in Sources */,
				66EF9B452BB2B694008BBABF /* MovieDataManager.swift in Sources */,
				66EF9B402BB2B694008BBABF /* Reachability.swift in Sources */,
				66EF9B3A2BB2B694008BBABF /* MovieSearchView.swift in Sources */,
				66EF9B362BB2B694008BBABF /* ActivityIndicatorContainer.swift in Sources */,
				66EF9B3D2BB2B694008BBABF /* WebImageView.swift in Sources */,
				66EF9B372BB2B694008BBABF /* ErrorContainerView.swift in Sources */,
				66EF9B412BB2B694008BBABF /* ViewDidLoadModifier.swift in Sources */,
				66EF9B542BB2BA77008BBABF /* Constant.swift in Sources */,
				66EF9B3B2BB2B694008BBABF /* MovieView.swift in Sources */,
				66EF9B352BB2B694008BBABF /* PersistenceController.swift in Sources */,
				66EF9B422BB2B694008BBABF /* NetworkManager.swift in Sources */,
				66EF9B432BB2B694008BBABF /* Url+Extension.swift in Sources */,
				66EF9B4E2BB2B694008BBABF /* MovieDetailDB+CoreDataClass.swift in Sources */,
				66EF9B442BB2B694008BBABF /* ErrorMessage.swift in Sources */,
				66EF9ADE2BB2B5CB008BBABF /* ButterflyMovieApp.swift in Sources */,
				66EF9AE32BB2B5CB008BBABF /* ButterflyMovie.xcdatamodeld in Sources */,
				66EF9B4F2BB2B694008BBABF /* MovieDetailDB+CoreDataProperties.swift in Sources */,
				66EF9B392BB2B694008BBABF /* MovieFavoriteView.swift in Sources */,
				66EF9B4D2BB2B694008BBABF /* MovieDetail.swift in Sources */,
			);
			runOnlyForDeploymentPostprocessing = 0;
		};
		66EF9AEC2BB2B5CC008BBABF /* Sources */ = {
			isa = PBXSourcesBuildPhase;
			buildActionMask = 2147483647;
			files = (
				66EF9AF52BB2B5CC008BBABF /* ButterflyMovieTests.swift in Sources */,
			);
			runOnlyForDeploymentPostprocessing = 0;
		};
		66EF9AF62BB2B5CC008BBABF /* Sources */ = {
			isa = PBXSourcesBuildPhase;
			buildActionMask = 2147483647;
			files = (
				66EF9AFF2BB2B5CC008BBABF /* ButterflyMovieUITests.swift in Sources */,
				66EF9B012BB2B5CC008BBABF /* ButterflyMovieUITestsLaunchTests.swift in Sources */,
			);
			runOnlyForDeploymentPostprocessing = 0;
		};
/* End PBXSourcesBuildPhase section */

/* Begin PBXTargetDependency section */
		66EF9AF22BB2B5CC008BBABF /* PBXTargetDependency */ = {
			isa = PBXTargetDependency;
			target = 66EF9AD92BB2B5CB008BBABF /* ButterflyMovie */;
			targetProxy = 66EF9AF12BB2B5CC008BBABF /* PBXContainerItemProxy */;
		};
		66EF9AFC2BB2B5CC008BBABF /* PBXTargetDependency */ = {
			isa = PBXTargetDependency;
			target = 66EF9AD92BB2B5CB008BBABF /* ButterflyMovie */;
			targetProxy = 66EF9AFB2BB2B5CC008BBABF /* PBXContainerItemProxy */;
		};
/* End PBXTargetDependency section */

/* Begin XCBuildConfiguration section */
		66EF9B022BB2B5CC008BBABF /* Debug */ = {
			isa = XCBuildConfiguration;
			baseConfigurationReference = 66EF9B192BB2B694008BBABF /* Dev.xcconfig */;
			buildSettings = {
				ALWAYS_SEARCH_USER_PATHS = NO;
				ASSETCATALOG_COMPILER_GENERATE_SWIFT_ASSET_SYMBOL_EXTENSIONS = YES;
				CLANG_ANALYZER_NONNULL = YES;
				CLANG_ANALYZER_NUMBER_OBJECT_CONVERSION = YES_AGGRESSIVE;
				CLANG_CXX_LANGUAGE_STANDARD = "gnu++20";
				CLANG_ENABLE_MODULES = YES;
				CLANG_ENABLE_OBJC_ARC = YES;
				CLANG_ENABLE_OBJC_WEAK = YES;
				CLANG_WARN_BLOCK_CAPTURE_AUTORELEASING = YES;
				CLANG_WARN_BOOL_CONVERSION = YES;
				CLANG_WARN_COMMA = YES;
				CLANG_WARN_CONSTANT_CONVERSION = YES;
				CLANG_WARN_DEPRECATED_OBJC_IMPLEMENTATIONS = YES;
				CLANG_WARN_DIRECT_OBJC_ISA_USAGE = YES_ERROR;
				CLANG_WARN_DOCUMENTATION_COMMENTS = YES;
				CLANG_WARN_EMPTY_BODY = YES;
				CLANG_WARN_ENUM_CONVERSION = YES;
				CLANG_WARN_INFINITE_RECURSION = YES;
				CLANG_WARN_INT_CONVERSION = YES;
				CLANG_WARN_NON_LITERAL_NULL_CONVERSION = YES;
				CLANG_WARN_OBJC_IMPLICIT_RETAIN_SELF = YES;
				CLANG_WARN_OBJC_LITERAL_CONVERSION = YES;
				CLANG_WARN_OBJC_ROOT_CLASS = YES_ERROR;
				CLANG_WARN_QUOTED_INCLUDE_IN_FRAMEWORK_HEADER = YES;
				CLANG_WARN_RANGE_LOOP_ANALYSIS = YES;
				CLANG_WARN_STRICT_PROTOTYPES = YES;
				CLANG_WARN_SUSPICIOUS_MOVE = YES;
				CLANG_WARN_UNGUARDED_AVAILABILITY = YES_AGGRESSIVE;
				CLANG_WARN_UNREACHABLE_CODE = YES;
				CLANG_WARN__DUPLICATE_METHOD_MATCH = YES;
				COPY_PHASE_STRIP = NO;
				DEBUG_INFORMATION_FORMAT = dwarf;
				ENABLE_STRICT_OBJC_MSGSEND = YES;
				ENABLE_TESTABILITY = YES;
				ENABLE_USER_SCRIPT_SANDBOXING = YES;
				GCC_C_LANGUAGE_STANDARD = gnu17;
				GCC_DYNAMIC_NO_PIC = NO;
				GCC_NO_COMMON_BLOCKS = YES;
				GCC_OPTIMIZATION_LEVEL = 0;
				GCC_PREPROCESSOR_DEFINITIONS = (
					"DEBUG=1",
					"$(inherited)",
				);
				GCC_WARN_64_TO_32_BIT_CONVERSION = YES;
				GCC_WARN_ABOUT_RETURN_TYPE = YES_ERROR;
				GCC_WARN_UNDECLARED_SELECTOR = YES;
				GCC_WARN_UNINITIALIZED_AUTOS = YES_AGGRESSIVE;
				GCC_WARN_UNUSED_FUNCTION = YES;
				GCC_WARN_UNUSED_VARIABLE = YES;
				LOCALIZATION_PREFERS_STRING_CATALOGS = YES;
				MTL_ENABLE_DEBUG_INFO = INCLUDE_SOURCE;
				MTL_FAST_MATH = YES;
				ONLY_ACTIVE_ARCH = YES;
				SWIFT_ACTIVE_COMPILATION_CONDITIONS = "DEBUG $(inherited)";
				SWIFT_OPTIMIZATION_LEVEL = "-Onone";
			};
			name = Debug;
		};
		66EF9B032BB2B5CC008BBABF /* Release */ = {
			isa = XCBuildConfiguration;
			baseConfigurationReference = 66EF9B1A2BB2B694008BBABF /* Release.xcconfig */;
			buildSettings = {
				ALWAYS_SEARCH_USER_PATHS = NO;
				ASSETCATALOG_COMPILER_GENERATE_SWIFT_ASSET_SYMBOL_EXTENSIONS = YES;
				CLANG_ANALYZER_NONNULL = YES;
				CLANG_ANALYZER_NUMBER_OBJECT_CONVERSION = YES_AGGRESSIVE;
				CLANG_CXX_LANGUAGE_STANDARD = "gnu++20";
				CLANG_ENABLE_MODULES = YES;
				CLANG_ENABLE_OBJC_ARC = YES;
				CLANG_ENABLE_OBJC_WEAK = YES;
				CLANG_WARN_BLOCK_CAPTURE_AUTORELEASING = YES;
				CLANG_WARN_BOOL_CONVERSION = YES;
				CLANG_WARN_COMMA = YES;
				CLANG_WARN_CONSTANT_CONVERSION = YES;
				CLANG_WARN_DEPRECATED_OBJC_IMPLEMENTATIONS = YES;
				CLANG_WARN_DIRECT_OBJC_ISA_USAGE = YES_ERROR;
				CLANG_WARN_DOCUMENTATION_COMMENTS = YES;
				CLANG_WARN_EMPTY_BODY = YES;
				CLANG_WARN_ENUM_CONVERSION = YES;
				CLANG_WARN_INFINITE_RECURSION = YES;
				CLANG_WARN_INT_CONVERSION = YES;
				CLANG_WARN_NON_LITERAL_NULL_CONVERSION = YES;
				CLANG_WARN_OBJC_IMPLICIT_RETAIN_SELF = YES;
				CLANG_WARN_OBJC_LITERAL_CONVERSION = YES;
				CLANG_WARN_OBJC_ROOT_CLASS = YES_ERROR;
				CLANG_WARN_QUOTED_INCLUDE_IN_FRAMEWORK_HEADER = YES;
				CLANG_WARN_RANGE_LOOP_ANALYSIS = YES;
				CLANG_WARN_STRICT_PROTOTYPES = YES;
				CLANG_WARN_SUSPICIOUS_MOVE = YES;
				CLANG_WARN_UNGUARDED_AVAILABILITY = YES_AGGRESSIVE;
				CLANG_WARN_UNREACHABLE_CODE = YES;
				CLANG_WARN__DUPLICATE_METHOD_MATCH = YES;
				COPY_PHASE_STRIP = NO;
				DEBUG_INFORMATION_FORMAT = "dwarf-with-dsym";
				ENABLE_NS_ASSERTIONS = NO;
				ENABLE_STRICT_OBJC_MSGSEND = YES;
				ENABLE_USER_SCRIPT_SANDBOXING = YES;
				GCC_C_LANGUAGE_STANDARD = gnu17;
				GCC_NO_COMMON_BLOCKS = YES;
				GCC_WARN_64_TO_32_BIT_CONVERSION = YES;
				GCC_WARN_ABOUT_RETURN_TYPE = YES_ERROR;
				GCC_WARN_UNDECLARED_SELECTOR = YES;
				GCC_WARN_UNINITIALIZED_AUTOS = YES_AGGRESSIVE;
				GCC_WARN_UNUSED_FUNCTION = YES;
				GCC_WARN_UNUSED_VARIABLE = YES;
				LOCALIZATION_PREFERS_STRING_CATALOGS = YES;
				MTL_ENABLE_DEBUG_INFO = NO;
				MTL_FAST_MATH = YES;
				SWIFT_COMPILATION_MODE = wholemodule;
			};
			name = Release;
		};
		66EF9B052BB2B5CC008BBABF /* Debug */ = {
			isa = XCBuildConfiguration;
			baseConfigurationReference = 66EF9B192BB2B694008BBABF /* Dev.xcconfig */;
			buildSettings = {
				ASSETCATALOG_COMPILER_APPICON_NAME = AppIcon;
				ASSETCATALOG_COMPILER_GLOBAL_ACCENT_COLOR_NAME = AccentColor;
				CODE_SIGN_ENTITLEMENTS = ButterflyMovie/ButterflyMovie.entitlements;
				CODE_SIGN_STYLE = Automatic;
				CURRENT_PROJECT_VERSION = 1;
				DEVELOPMENT_ASSET_PATHS = "\"ButterflyMovie/Preview Content\"";
				DEVELOPMENT_TEAM = 6C2EWSB9Q3;
				ENABLE_HARDENED_RUNTIME = YES;
				ENABLE_PREVIEWS = YES;
				GENERATE_INFOPLIST_FILE = YES;
				INFOPLIST_FILE = ButterflyMovie/Info.plist;
				"INFOPLIST_KEY_UIApplicationSceneManifest_Generation[sdk=iphoneos*]" = YES;
				"INFOPLIST_KEY_UIApplicationSceneManifest_Generation[sdk=iphonesimulator*]" = YES;
				"INFOPLIST_KEY_UIApplicationSupportsIndirectInputEvents[sdk=iphoneos*]" = YES;
				"INFOPLIST_KEY_UIApplicationSupportsIndirectInputEvents[sdk=iphonesimulator*]" = YES;
				"INFOPLIST_KEY_UILaunchScreen_Generation[sdk=iphoneos*]" = YES;
				"INFOPLIST_KEY_UILaunchScreen_Generation[sdk=iphonesimulator*]" = YES;
				"INFOPLIST_KEY_UIStatusBarStyle[sdk=iphoneos*]" = UIStatusBarStyleDefault;
				"INFOPLIST_KEY_UIStatusBarStyle[sdk=iphonesimulator*]" = UIStatusBarStyleDefault;
				INFOPLIST_KEY_UISupportedInterfaceOrientations = "UIInterfaceOrientationPortrait UIInterfaceOrientationPortraitUpsideDown";
				IPHONEOS_DEPLOYMENT_TARGET = 17.4;
				LD_RUNPATH_SEARCH_PATHS = "@executable_path/Frameworks";
				"LD_RUNPATH_SEARCH_PATHS[sdk=macosx*]" = "@executable_path/../Frameworks";
				MACOSX_DEPLOYMENT_TARGET = 14.3;
				MARKETING_VERSION = 1.0;
				PRODUCT_BUNDLE_IDENTIFIER = tiwari1amrit.ButterflyMovie;
				PRODUCT_NAME = "$(TARGET_NAME)";
				SDKROOT = auto;
				SUPPORTED_PLATFORMS = "iphoneos iphonesimulator macosx";
				SWIFT_EMIT_LOC_STRINGS = YES;
				SWIFT_VERSION = 5.0;
				TARGETED_DEVICE_FAMILY = "1,2";
			};
			name = Debug;
		};
		66EF9B062BB2B5CC008BBABF /* Release */ = {
			isa = XCBuildConfiguration;
			baseConfigurationReference = 66EF9B1A2BB2B694008BBABF /* Release.xcconfig */;
			buildSettings = {
				ASSETCATALOG_COMPILER_APPICON_NAME = AppIcon;
				ASSETCATALOG_COMPILER_GLOBAL_ACCENT_COLOR_NAME = AccentColor;
				CODE_SIGN_ENTITLEMENTS = ButterflyMovie/ButterflyMovie.entitlements;
				CODE_SIGN_STYLE = Automatic;
				CURRENT_PROJECT_VERSION = 1;
				DEVELOPMENT_ASSET_PATHS = "\"ButterflyMovie/Preview Content\"";
				DEVELOPMENT_TEAM = 6C2EWSB9Q3;
				ENABLE_HARDENED_RUNTIME = YES;
				ENABLE_PREVIEWS = YES;
				GENERATE_INFOPLIST_FILE = YES;
				INFOPLIST_FILE = ButterflyMovie/Info.plist;
				"INFOPLIST_KEY_UIApplicationSceneManifest_Generation[sdk=iphoneos*]" = YES;
				"INFOPLIST_KEY_UIApplicationSceneManifest_Generation[sdk=iphonesimulator*]" = YES;
				"INFOPLIST_KEY_UIApplicationSupportsIndirectInputEvents[sdk=iphoneos*]" = YES;
				"INFOPLIST_KEY_UIApplicationSupportsIndirectInputEvents[sdk=iphonesimulator*]" = YES;
				"INFOPLIST_KEY_UILaunchScreen_Generation[sdk=iphoneos*]" = YES;
				"INFOPLIST_KEY_UILaunchScreen_Generation[sdk=iphonesimulator*]" = YES;
				"INFOPLIST_KEY_UIStatusBarStyle[sdk=iphoneos*]" = UIStatusBarStyleDefault;
				"INFOPLIST_KEY_UIStatusBarStyle[sdk=iphonesimulator*]" = UIStatusBarStyleDefault;
				INFOPLIST_KEY_UISupportedInterfaceOrientations = "UIInterfaceOrientationPortrait UIInterfaceOrientationPortraitUpsideDown";
				IPHONEOS_DEPLOYMENT_TARGET = 17.4;
				LD_RUNPATH_SEARCH_PATHS = "@executable_path/Frameworks";
				"LD_RUNPATH_SEARCH_PATHS[sdk=macosx*]" = "@executable_path/../Frameworks";
				MACOSX_DEPLOYMENT_TARGET = 14.3;
				MARKETING_VERSION = 1.0;
				PRODUCT_BUNDLE_IDENTIFIER = tiwari1amrit.ButterflyMovie;
				PRODUCT_NAME = "$(TARGET_NAME)";
				SDKROOT = auto;
				SUPPORTED_PLATFORMS = "iphoneos iphonesimulator macosx";
				SWIFT_EMIT_LOC_STRINGS = YES;
				SWIFT_VERSION = 5.0;
				TARGETED_DEVICE_FAMILY = "1,2";
			};
			name = Release;
		};
		66EF9B082BB2B5CC008BBABF /* Debug */ = {
			isa = XCBuildConfiguration;
			baseConfigurationReference = 66EF9B192BB2B694008BBABF /* Dev.xcconfig */;
			buildSettings = {
				ALWAYS_EMBED_SWIFT_STANDARD_LIBRARIES = YES;
				BUNDLE_LOADER = "$(TEST_HOST)";
				CODE_SIGN_STYLE = Automatic;
				CURRENT_PROJECT_VERSION = 1;
				DEVELOPMENT_TEAM = 6C2EWSB9Q3;
				GENERATE_INFOPLIST_FILE = YES;
				IPHONEOS_DEPLOYMENT_TARGET = 17.4;
				MACOSX_DEPLOYMENT_TARGET = 14.3;
				MARKETING_VERSION = 1.0;
				PRODUCT_BUNDLE_IDENTIFIER = tiwari1amrit.ButterflyMovieTests;
				PRODUCT_NAME = "$(TARGET_NAME)";
				SDKROOT = auto;
				SUPPORTED_PLATFORMS = "iphoneos iphonesimulator macosx";
				SWIFT_EMIT_LOC_STRINGS = NO;
				SWIFT_VERSION = 5.0;
				TARGETED_DEVICE_FAMILY = "1,2";
				TEST_HOST = "$(BUILT_PRODUCTS_DIR)/ButterflyMovie.app/$(BUNDLE_EXECUTABLE_FOLDER_PATH)/ButterflyMovie";
			};
			name = Debug;
		};
		66EF9B092BB2B5CC008BBABF /* Release */ = {
			isa = XCBuildConfiguration;
			baseConfigurationReference = 66EF9B1A2BB2B694008BBABF /* Release.xcconfig */;
			buildSettings = {
				ALWAYS_EMBED_SWIFT_STANDARD_LIBRARIES = YES;
				BUNDLE_LOADER = "$(TEST_HOST)";
				CODE_SIGN_STYLE = Automatic;
				CURRENT_PROJECT_VERSION = 1;
				DEVELOPMENT_TEAM = 6C2EWSB9Q3;
				GENERATE_INFOPLIST_FILE = YES;
				IPHONEOS_DEPLOYMENT_TARGET = 17.4;
				MACOSX_DEPLOYMENT_TARGET = 14.3;
				MARKETING_VERSION = 1.0;
				PRODUCT_BUNDLE_IDENTIFIER = tiwari1amrit.ButterflyMovieTests;
				PRODUCT_NAME = "$(TARGET_NAME)";
				SDKROOT = auto;
				SUPPORTED_PLATFORMS = "iphoneos iphonesimulator macosx";
				SWIFT_EMIT_LOC_STRINGS = NO;
				SWIFT_VERSION = 5.0;
				TARGETED_DEVICE_FAMILY = "1,2";
				TEST_HOST = "$(BUILT_PRODUCTS_DIR)/ButterflyMovie.app/$(BUNDLE_EXECUTABLE_FOLDER_PATH)/ButterflyMovie";
			};
			name = Release;
		};
		66EF9B0B2BB2B5CC008BBABF /* Debug */ = {
			isa = XCBuildConfiguration;
			baseConfigurationReference = 66EF9B192BB2B694008BBABF /* Dev.xcconfig */;
			buildSettings = {
				ALWAYS_EMBED_SWIFT_STANDARD_LIBRARIES = YES;
				CODE_SIGN_STYLE = Automatic;
				CURRENT_PROJECT_VERSION = 1;
				DEVELOPMENT_TEAM = 6C2EWSB9Q3;
				GENERATE_INFOPLIST_FILE = YES;
				IPHONEOS_DEPLOYMENT_TARGET = 17.4;
				MACOSX_DEPLOYMENT_TARGET = 14.3;
				MARKETING_VERSION = 1.0;
				PRODUCT_BUNDLE_IDENTIFIER = tiwari1amrit.ButterflyMovieUITests;
				PRODUCT_NAME = "$(TARGET_NAME)";
				SDKROOT = auto;
				SUPPORTED_PLATFORMS = "iphoneos iphonesimulator macosx";
				SWIFT_EMIT_LOC_STRINGS = NO;
				SWIFT_VERSION = 5.0;
				TARGETED_DEVICE_FAMILY = "1,2";
				TEST_TARGET_NAME = ButterflyMovie;
			};
			name = Debug;
		};
		66EF9B0C2BB2B5CC008BBABF /* Release */ = {
			isa = XCBuildConfiguration;
			baseConfigurationReference = 66EF9B1A2BB2B694008BBABF /* Release.xcconfig */;
			buildSettings = {
				ALWAYS_EMBED_SWIFT_STANDARD_LIBRARIES = YES;
				CODE_SIGN_STYLE = Automatic;
				CURRENT_PROJECT_VERSION = 1;
				DEVELOPMENT_TEAM = 6C2EWSB9Q3;
				GENERATE_INFOPLIST_FILE = YES;
				IPHONEOS_DEPLOYMENT_TARGET = 17.4;
				MACOSX_DEPLOYMENT_TARGET = 14.3;
				MARKETING_VERSION = 1.0;
				PRODUCT_BUNDLE_IDENTIFIER = tiwari1amrit.ButterflyMovieUITests;
				PRODUCT_NAME = "$(TARGET_NAME)";
				SDKROOT = auto;
				SUPPORTED_PLATFORMS = "iphoneos iphonesimulator macosx";
				SWIFT_EMIT_LOC_STRINGS = NO;
				SWIFT_VERSION = 5.0;
				TARGETED_DEVICE_FAMILY = "1,2";
				TEST_TARGET_NAME = ButterflyMovie;
			};
			name = Release;
		};
		66EF9B582BB2C7A8008BBABF /* Debug(dev) */ = {
			isa = XCBuildConfiguration;
			baseConfigurationReference = 66EF9B192BB2B694008BBABF /* Dev.xcconfig */;
			buildSettings = {
				ALWAYS_SEARCH_USER_PATHS = NO;
				ASSETCATALOG_COMPILER_GENERATE_SWIFT_ASSET_SYMBOL_EXTENSIONS = YES;
				CLANG_ANALYZER_NONNULL = YES;
				CLANG_ANALYZER_NUMBER_OBJECT_CONVERSION = YES_AGGRESSIVE;
				CLANG_CXX_LANGUAGE_STANDARD = "gnu++20";
				CLANG_ENABLE_MODULES = YES;
				CLANG_ENABLE_OBJC_ARC = YES;
				CLANG_ENABLE_OBJC_WEAK = YES;
				CLANG_WARN_BLOCK_CAPTURE_AUTORELEASING = YES;
				CLANG_WARN_BOOL_CONVERSION = YES;
				CLANG_WARN_COMMA = YES;
				CLANG_WARN_CONSTANT_CONVERSION = YES;
				CLANG_WARN_DEPRECATED_OBJC_IMPLEMENTATIONS = YES;
				CLANG_WARN_DIRECT_OBJC_ISA_USAGE = YES_ERROR;
				CLANG_WARN_DOCUMENTATION_COMMENTS = YES;
				CLANG_WARN_EMPTY_BODY = YES;
				CLANG_WARN_ENUM_CONVERSION = YES;
				CLANG_WARN_INFINITE_RECURSION = YES;
				CLANG_WARN_INT_CONVERSION = YES;
				CLANG_WARN_NON_LITERAL_NULL_CONVERSION = YES;
				CLANG_WARN_OBJC_IMPLICIT_RETAIN_SELF = YES;
				CLANG_WARN_OBJC_LITERAL_CONVERSION = YES;
				CLANG_WARN_OBJC_ROOT_CLASS = YES_ERROR;
				CLANG_WARN_QUOTED_INCLUDE_IN_FRAMEWORK_HEADER = YES;
				CLANG_WARN_RANGE_LOOP_ANALYSIS = YES;
				CLANG_WARN_STRICT_PROTOTYPES = YES;
				CLANG_WARN_SUSPICIOUS_MOVE = YES;
				CLANG_WARN_UNGUARDED_AVAILABILITY = YES_AGGRESSIVE;
				CLANG_WARN_UNREACHABLE_CODE = YES;
				CLANG_WARN__DUPLICATE_METHOD_MATCH = YES;
				COPY_PHASE_STRIP = NO;
				DEBUG_INFORMATION_FORMAT = dwarf;
				ENABLE_STRICT_OBJC_MSGSEND = YES;
				ENABLE_TESTABILITY = YES;
				ENABLE_USER_SCRIPT_SANDBOXING = YES;
				GCC_C_LANGUAGE_STANDARD = gnu17;
				GCC_DYNAMIC_NO_PIC = NO;
				GCC_NO_COMMON_BLOCKS = YES;
				GCC_OPTIMIZATION_LEVEL = 0;
				GCC_PREPROCESSOR_DEFINITIONS = (
					"DEBUG=1",
					"$(inherited)",
				);
				GCC_WARN_64_TO_32_BIT_CONVERSION = YES;
				GCC_WARN_ABOUT_RETURN_TYPE = YES_ERROR;
				GCC_WARN_UNDECLARED_SELECTOR = YES;
				GCC_WARN_UNINITIALIZED_AUTOS = YES_AGGRESSIVE;
				GCC_WARN_UNUSED_FUNCTION = YES;
				GCC_WARN_UNUSED_VARIABLE = YES;
				LOCALIZATION_PREFERS_STRING_CATALOGS = YES;
				MTL_ENABLE_DEBUG_INFO = INCLUDE_SOURCE;
				MTL_FAST_MATH = YES;
				ONLY_ACTIVE_ARCH = YES;
				SWIFT_ACTIVE_COMPILATION_CONDITIONS = "DEBUG $(inherited)";
				SWIFT_OPTIMIZATION_LEVEL = "-Onone";
			};
			name = "Debug(dev)";
		};
		66EF9B592BB2C7A8008BBABF /* Debug(dev) */ = {
			isa = XCBuildConfiguration;
			baseConfigurationReference = 66EF9B192BB2B694008BBABF /* Dev.xcconfig */;
			buildSettings = {
				ASSETCATALOG_COMPILER_APPICON_NAME = AppIcon;
				ASSETCATALOG_COMPILER_GLOBAL_ACCENT_COLOR_NAME = AccentColor;
				CODE_SIGN_ENTITLEMENTS = ButterflyMovie/ButterflyMovie.entitlements;
				CODE_SIGN_STYLE = Automatic;
				CURRENT_PROJECT_VERSION = 1;
				DEVELOPMENT_ASSET_PATHS = "\"ButterflyMovie/Preview Content\"";
				DEVELOPMENT_TEAM = 6C2EWSB9Q3;
				ENABLE_HARDENED_RUNTIME = YES;
				ENABLE_PREVIEWS = YES;
				GENERATE_INFOPLIST_FILE = YES;
				INFOPLIST_FILE = ButterflyMovie/Info.plist;
				"INFOPLIST_KEY_UIApplicationSceneManifest_Generation[sdk=iphoneos*]" = YES;
				"INFOPLIST_KEY_UIApplicationSceneManifest_Generation[sdk=iphonesimulator*]" = YES;
				"INFOPLIST_KEY_UIApplicationSupportsIndirectInputEvents[sdk=iphoneos*]" = YES;
				"INFOPLIST_KEY_UIApplicationSupportsIndirectInputEvents[sdk=iphonesimulator*]" = YES;
				"INFOPLIST_KEY_UILaunchScreen_Generation[sdk=iphoneos*]" = YES;
				"INFOPLIST_KEY_UILaunchScreen_Generation[sdk=iphonesimulator*]" = YES;
				"INFOPLIST_KEY_UIStatusBarStyle[sdk=iphoneos*]" = UIStatusBarStyleDefault;
				"INFOPLIST_KEY_UIStatusBarStyle[sdk=iphonesimulator*]" = UIStatusBarStyleDefault;
				INFOPLIST_KEY_UISupportedInterfaceOrientations = "UIInterfaceOrientationPortrait UIInterfaceOrientationPortraitUpsideDown";
				IPHONEOS_DEPLOYMENT_TARGET = 17.4;
				LD_RUNPATH_SEARCH_PATHS = "@executable_path/Frameworks";
				"LD_RUNPATH_SEARCH_PATHS[sdk=macosx*]" = "@executable_path/../Frameworks";
				MACOSX_DEPLOYMENT_TARGET = 14.3;
				MARKETING_VERSION = 1.0;
				PRODUCT_BUNDLE_IDENTIFIER = tiwari1amrit.ButterflyMovie;
				PRODUCT_NAME = "$(TARGET_NAME)";
				SDKROOT = auto;
				SUPPORTED_PLATFORMS = "iphoneos iphonesimulator macosx";
				SWIFT_EMIT_LOC_STRINGS = YES;
				SWIFT_VERSION = 5.0;
				TARGETED_DEVICE_FAMILY = "1,2";
			};
			name = "Debug(dev)";
		};
		66EF9B5A2BB2C7A8008BBABF /* Debug(dev) */ = {
			isa = XCBuildConfiguration;
			baseConfigurationReference = 66EF9B192BB2B694008BBABF /* Dev.xcconfig */;
			buildSettings = {
				ALWAYS_EMBED_SWIFT_STANDARD_LIBRARIES = YES;
				BUNDLE_LOADER = "$(TEST_HOST)";
				CODE_SIGN_STYLE = Automatic;
				CURRENT_PROJECT_VERSION = 1;
				DEVELOPMENT_TEAM = 6C2EWSB9Q3;
				GENERATE_INFOPLIST_FILE = YES;
				IPHONEOS_DEPLOYMENT_TARGET = 17.4;
				MACOSX_DEPLOYMENT_TARGET = 14.3;
				MARKETING_VERSION = 1.0;
				PRODUCT_BUNDLE_IDENTIFIER = tiwari1amrit.ButterflyMovieTests;
				PRODUCT_NAME = "$(TARGET_NAME)";
				SDKROOT = auto;
				SUPPORTED_PLATFORMS = "iphoneos iphonesimulator macosx";
				SWIFT_EMIT_LOC_STRINGS = NO;
				SWIFT_VERSION = 5.0;
				TARGETED_DEVICE_FAMILY = "1,2";
				TEST_HOST = "$(BUILT_PRODUCTS_DIR)/ButterflyMovie.app/$(BUNDLE_EXECUTABLE_FOLDER_PATH)/ButterflyMovie";
			};
			name = "Debug(dev)";
		};
		66EF9B5B2BB2C7A8008BBABF /* Debug(dev) */ = {
			isa = XCBuildConfiguration;
			baseConfigurationReference = 66EF9B192BB2B694008BBABF /* Dev.xcconfig */;
			buildSettings = {
				ALWAYS_EMBED_SWIFT_STANDARD_LIBRARIES = YES;
				CODE_SIGN_STYLE = Automatic;
				CURRENT_PROJECT_VERSION = 1;
				DEVELOPMENT_TEAM = 6C2EWSB9Q3;
				GENERATE_INFOPLIST_FILE = YES;
				IPHONEOS_DEPLOYMENT_TARGET = 17.4;
				MACOSX_DEPLOYMENT_TARGET = 14.3;
				MARKETING_VERSION = 1.0;
				PRODUCT_BUNDLE_IDENTIFIER = tiwari1amrit.ButterflyMovieUITests;
				PRODUCT_NAME = "$(TARGET_NAME)";
				SDKROOT = auto;
				SUPPORTED_PLATFORMS = "iphoneos iphonesimulator macosx";
				SWIFT_EMIT_LOC_STRINGS = NO;
				SWIFT_VERSION = 5.0;
				TARGETED_DEVICE_FAMILY = "1,2";
				TEST_TARGET_NAME = ButterflyMovie;
			};
			name = "Debug(dev)";
		};
/* End XCBuildConfiguration section */

/* Begin XCConfigurationList section */
		66EF9AD52BB2B5CB008BBABF /* Build configuration list for PBXProject "ButterflyMovie" */ = {
			isa = XCConfigurationList;
			buildConfigurations = (
				66EF9B022BB2B5CC008BBABF /* Debug */,
				66EF9B582BB2C7A8008BBABF /* Debug(dev) */,
				66EF9B032BB2B5CC008BBABF /* Release */,
			);
			defaultConfigurationIsVisible = 0;
			defaultConfigurationName = Release;
		};
		66EF9B042BB2B5CC008BBABF /* Build configuration list for PBXNativeTarget "ButterflyMovie" */ = {
			isa = XCConfigurationList;
			buildConfigurations = (
				66EF9B052BB2B5CC008BBABF /* Debug */,
				66EF9B592BB2C7A8008BBABF /* Debug(dev) */,
				66EF9B062BB2B5CC008BBABF /* Release */,
			);
			defaultConfigurationIsVisible = 0;
			defaultConfigurationName = Release;
		};
		66EF9B072BB2B5CC008BBABF /* Build configuration list for PBXNativeTarget "ButterflyMovieTests" */ = {
			isa = XCConfigurationList;
			buildConfigurations = (
				66EF9B082BB2B5CC008BBABF /* Debug */,
				66EF9B5A2BB2C7A8008BBABF /* Debug(dev) */,
				66EF9B092BB2B5CC008BBABF /* Release */,
			);
			defaultConfigurationIsVisible = 0;
			defaultConfigurationName = Release;
		};
		66EF9B0A2BB2B5CC008BBABF /* Build configuration list for PBXNativeTarget "ButterflyMovieUITests" */ = {
			isa = XCConfigurationList;
			buildConfigurations = (
				66EF9B0B2BB2B5CC008BBABF /* Debug */,
				66EF9B5B2BB2C7A8008BBABF /* Debug(dev) */,
				66EF9B0C2BB2B5CC008BBABF /* Release */,
			);
			defaultConfigurationIsVisible = 0;
			defaultConfigurationName = Release;
		};
/* End XCConfigurationList section */

/* Begin XCRemoteSwiftPackageReference section */
		66EF9B502BB2B6AD008BBABF /* XCRemoteSwiftPackageReference "Kingfisher" */ = {
			isa = XCRemoteSwiftPackageReference;
			repositoryURL = "https://github.com/onevcat/Kingfisher.git";
			requirement = {
				kind = upToNextMajorVersion;
				minimumVersion = 7.11.0;
			};
		};
/* End XCRemoteSwiftPackageReference section */

/* Begin XCSwiftPackageProductDependency section */
		66EF9B512BB2B6AD008BBABF /* Kingfisher */ = {
			isa = XCSwiftPackageProductDependency;
			package = 66EF9B502BB2B6AD008BBABF /* XCRemoteSwiftPackageReference "Kingfisher" */;
			productName = Kingfisher;
		};
/* End XCSwiftPackageProductDependency section */

/* Begin XCVersionGroup section */
		66EF9AE12BB2B5CB008BBABF /* ButterflyMovie.xcdatamodeld */ = {
			isa = XCVersionGroup;
			children = (
				66EF9AE22BB2B5CB008BBABF /* ButterflyMovie.xcdatamodel */,
			);
			currentVersion = 66EF9AE22BB2B5CB008BBABF /* ButterflyMovie.xcdatamodel */;
			path = ButterflyMovie.xcdatamodeld;
			sourceTree = "<group>";
			versionGroupType = wrapper.xcdatamodel;
		};
/* End XCVersionGroup section */
	};
	rootObject = 66EF9AD22BB2B5CB008BBABF /* Project object */;
}
