// !$*UTF8*$!
{
	archiveVersion = 1;
	classes = {
	};
	objectVersion = 56;
	objects = {

/* Begin PBXBuildFile section */
		661A583C2BB169D800272C6B /* ButterflyMovieApp.swift in Sources */ = {isa = PBXBuildFile; fileRef = 661A583B2BB169D800272C6B /* ButterflyMovieApp.swift */; };
		661A583E2BB169D800272C6B /* Persistence.swift in Sources */ = {isa = PBXBuildFile; fileRef = 661A583D2BB169D800272C6B /* Persistence.swift */; };
		661A58412BB169D800272C6B /* ButterflyMovie.xcdatamodeld in Sources */ = {isa = PBXBuildFile; fileRef = 661A583F2BB169D800272C6B /* ButterflyMovie.xcdatamodeld */; };
		661A58432BB169D800272C6B /* ContentView.swift in Sources */ = {isa = PBXBuildFile; fileRef = 661A58422BB169D800272C6B /* ContentView.swift */; };
		661A58452BB169D800272C6B /* Assets.xcassets in Resources */ = {isa = PBXBuildFile; fileRef = 661A58442BB169D800272C6B /* Assets.xcassets */; };
		661A58492BB169D800272C6B /* Preview Assets.xcassets in Resources */ = {isa = PBXBuildFile; fileRef = 661A58482BB169D800272C6B /* Preview Assets.xcassets */; };
		661A58532BB169D800272C6B /* ButterflyMovieTests.swift in Sources */ = {isa = PBXBuildFile; fileRef = 661A58522BB169D800272C6B /* ButterflyMovieTests.swift */; };
		661A585D2BB169D800272C6B /* ButterflyMovieUITests.swift in Sources */ = {isa = PBXBuildFile; fileRef = 661A585C2BB169D800272C6B /* ButterflyMovieUITests.swift */; };
		661A585F2BB169D800272C6B /* ButterflyMovieUITestsLaunchTests.swift in Sources */ = {isa = PBXBuildFile; fileRef = 661A585E2BB169D800272C6B /* ButterflyMovieUITestsLaunchTests.swift */; };
		661A58702BB16F2C00272C6B /* ErrorMessage.swift in Sources */ = {isa = PBXBuildFile; fileRef = 661A586F2BB16F2C00272C6B /* ErrorMessage.swift */; };
		661A58742BB16F5A00272C6B /* Url+Extension.swift in Sources */ = {isa = PBXBuildFile; fileRef = 661A58722BB16F5A00272C6B /* Url+Extension.swift */; };
		661A58752BB16F5A00272C6B /* NetworkManager.swift in Sources */ = {isa = PBXBuildFile; fileRef = 661A58732BB16F5A00272C6B /* NetworkManager.swift */; };
		661A58782BB16F9600272C6B /* Reachability.swift in Sources */ = {isa = PBXBuildFile; fileRef = 661A58772BB16F9600272C6B /* Reachability.swift */; };
		661A587B2BB16FF400272C6B /* Kingfisher in Frameworks */ = {isa = PBXBuildFile; productRef = 661A587A2BB16FF400272C6B /* Kingfisher */; };
/* End PBXBuildFile section */

/* Begin PBXContainerItemProxy section */
		661A584F2BB169D800272C6B /* PBXContainerItemProxy */ = {
			isa = PBXContainerItemProxy;
			containerPortal = 661A58302BB169D800272C6B /* Project object */;
			proxyType = 1;
			remoteGlobalIDString = 661A58372BB169D800272C6B;
			remoteInfo = ButterflyMovie;
		};
		661A58592BB169D800272C6B /* PBXContainerItemProxy */ = {
			isa = PBXContainerItemProxy;
			containerPortal = 661A58302BB169D800272C6B /* Project object */;
			proxyType = 1;
			remoteGlobalIDString = 661A58372BB169D800272C6B;
			remoteInfo = ButterflyMovie;
		};
/* End PBXContainerItemProxy section */

/* Begin PBXFileReference section */
		661A58382BB169D800272C6B /* ButterflyMovie.app */ = {isa = PBXFileReference; explicitFileType = wrapper.application; includeInIndex = 0; path = ButterflyMovie.app; sourceTree = BUILT_PRODUCTS_DIR; };
		661A583B2BB169D800272C6B /* ButterflyMovieApp.swift */ = {isa = PBXFileReference; lastKnownFileType = sourcecode.swift; path = ButterflyMovieApp.swift; sourceTree = "<group>"; };
		661A583D2BB169D800272C6B /* Persistence.swift */ = {isa = PBXFileReference; lastKnownFileType = sourcecode.swift; path = Persistence.swift; sourceTree = "<group>"; };
		661A58402BB169D800272C6B /* ButterflyMovie.xcdatamodel */ = {isa = PBXFileReference; lastKnownFileType = wrapper.xcdatamodel; path = ButterflyMovie.xcdatamodel; sourceTree = "<group>"; };
		661A58422BB169D800272C6B /* ContentView.swift */ = {isa = PBXFileReference; lastKnownFileType = sourcecode.swift; path = ContentView.swift; sourceTree = "<group>"; };
		661A58442BB169D800272C6B /* Assets.xcassets */ = {isa = PBXFileReference; lastKnownFileType = folder.assetcatalog; path = Assets.xcassets; sourceTree = "<group>"; };
		661A58462BB169D800272C6B /* ButterflyMovie.entitlements */ = {isa = PBXFileReference; lastKnownFileType = text.plist.entitlements; path = ButterflyMovie.entitlements; sourceTree = "<group>"; };
		661A58482BB169D800272C6B /* Preview Assets.xcassets */ = {isa = PBXFileReference; lastKnownFileType = folder.assetcatalog; path = "Preview Assets.xcassets"; sourceTree = "<group>"; };
		661A584E2BB169D800272C6B /* ButterflyMovieTests.xctest */ = {isa = PBXFileReference; explicitFileType = wrapper.cfbundle; includeInIndex = 0; path = ButterflyMovieTests.xctest; sourceTree = BUILT_PRODUCTS_DIR; };
		661A58522BB169D800272C6B /* ButterflyMovieTests.swift */ = {isa = PBXFileReference; lastKnownFileType = sourcecode.swift; path = ButterflyMovieTests.swift; sourceTree = "<group>"; };
		661A58582BB169D800272C6B /* ButterflyMovieUITests.xctest */ = {isa = PBXFileReference; explicitFileType = wrapper.cfbundle; includeInIndex = 0; path = ButterflyMovieUITests.xctest; sourceTree = BUILT_PRODUCTS_DIR; };
		661A585C2BB169D800272C6B /* ButterflyMovieUITests.swift */ = {isa = PBXFileReference; lastKnownFileType = sourcecode.swift; path = ButterflyMovieUITests.swift; sourceTree = "<group>"; };
		661A585E2BB169D800272C6B /* ButterflyMovieUITestsLaunchTests.swift */ = {isa = PBXFileReference; lastKnownFileType = sourcecode.swift; path = ButterflyMovieUITestsLaunchTests.swift; sourceTree = "<group>"; };
		661A586F2BB16F2C00272C6B /* ErrorMessage.swift */ = {isa = PBXFileReference; fileEncoding = 4; lastKnownFileType = sourcecode.swift; path = ErrorMessage.swift; sourceTree = "<group>"; };
		661A58722BB16F5A00272C6B /* Url+Extension.swift */ = {isa = PBXFileReference; fileEncoding = 4; lastKnownFileType = sourcecode.swift; path = "Url+Extension.swift"; sourceTree = "<group>"; };
		661A58732BB16F5A00272C6B /* NetworkManager.swift */ = {isa = PBXFileReference; fileEncoding = 4; lastKnownFileType = sourcecode.swift; path = NetworkManager.swift; sourceTree = "<group>"; };
		661A58772BB16F9600272C6B /* Reachability.swift */ = {isa = PBXFileReference; fileEncoding = 4; lastKnownFileType = sourcecode.swift; path = Reachability.swift; sourceTree = "<group>"; };
/* End PBXFileReference section */

/* Begin PBXFrameworksBuildPhase section */
		661A58352BB169D800272C6B /* Frameworks */ = {
			isa = PBXFrameworksBuildPhase;
			buildActionMask = 2147483647;
			files = (
				661A587B2BB16FF400272C6B /* Kingfisher in Frameworks */,
			);
			runOnlyForDeploymentPostprocessing = 0;
		};
		661A584B2BB169D800272C6B /* Frameworks */ = {
			isa = PBXFrameworksBuildPhase;
			buildActionMask = 2147483647;
			files = (
			);
			runOnlyForDeploymentPostprocessing = 0;
		};
		661A58552BB169D800272C6B /* Frameworks */ = {
			isa = PBXFrameworksBuildPhase;
			buildActionMask = 2147483647;
			files = (
			);
			runOnlyForDeploymentPostprocessing = 0;
		};
/* End PBXFrameworksBuildPhase section */

/* Begin PBXGroup section */
		661A582F2BB169D800272C6B = {
			isa = PBXGroup;
			children = (
				661A583A2BB169D800272C6B /* ButterflyMovie */,
				661A58512BB169D800272C6B /* ButterflyMovieTests */,
				661A585B2BB169D800272C6B /* ButterflyMovieUITests */,
				661A58392BB169D800272C6B /* Products */,
			);
			sourceTree = "<group>";
		};
		661A58392BB169D800272C6B /* Products */ = {
			isa = PBXGroup;
			children = (
				661A58382BB169D800272C6B /* ButterflyMovie.app */,
				661A584E2BB169D800272C6B /* ButterflyMovieTests.xctest */,
				661A58582BB169D800272C6B /* ButterflyMovieUITests.xctest */,
			);
			name = Products;
			sourceTree = "<group>";
		};
		661A583A2BB169D800272C6B /* ButterflyMovie */ = {
			isa = PBXGroup;
			children = (
				661A586C2BB16AB000272C6B /* Model */,
				661A586B2BB16AAC00272C6B /* View */,
				661A586D2BB16AB800272C6B /* ViewModel */,
				661A586E2BB16ABE00272C6B /* Helper */,
				661A583B2BB169D800272C6B /* ButterflyMovieApp.swift */,
				661A583D2BB169D800272C6B /* Persistence.swift */,
				661A58422BB169D800272C6B /* ContentView.swift */,
				661A58442BB169D800272C6B /* Assets.xcassets */,
				661A58462BB169D800272C6B /* ButterflyMovie.entitlements */,
				661A583F2BB169D800272C6B /* ButterflyMovie.xcdatamodeld */,
				661A58472BB169D800272C6B /* Preview Content */,
			);
			path = ButterflyMovie;
			sourceTree = "<group>";
		};
		661A58472BB169D800272C6B /* Preview Content */ = {
			isa = PBXGroup;
			children = (
				661A58482BB169D800272C6B /* Preview Assets.xcassets */,
			);
			path = "Preview Content";
			sourceTree = "<group>";
		};
		661A58512BB169D800272C6B /* ButterflyMovieTests */ = {
			isa = PBXGroup;
			children = (
				661A58522BB169D800272C6B /* ButterflyMovieTests.swift */,
			);
			path = ButterflyMovieTests;
			sourceTree = "<group>";
		};
		661A585B2BB169D800272C6B /* ButterflyMovieUITests */ = {
			isa = PBXGroup;
			children = (
				661A585C2BB169D800272C6B /* ButterflyMovieUITests.swift */,
				661A585E2BB169D800272C6B /* ButterflyMovieUITestsLaunchTests.swift */,
			);
			path = ButterflyMovieUITests;
			sourceTree = "<group>";
		};
		661A586B2BB16AAC00272C6B /* View */ = {
			isa = PBXGroup;
			children = (
			);
			path = View;
			sourceTree = "<group>";
		};
		661A586C2BB16AB000272C6B /* Model */ = {
			isa = PBXGroup;
			children = (
			);
			path = Model;
			sourceTree = "<group>";
		};
		661A586D2BB16AB800272C6B /* ViewModel */ = {
			isa = PBXGroup;
			children = (
			);
			path = ViewModel;
			sourceTree = "<group>";
		};
		661A586E2BB16ABE00272C6B /* Helper */ = {
			isa = PBXGroup;
			children = (
				661A58762BB16F8600272C6B /* Library */,
				661A58712BB16F5000272C6B /* Network */,
				661A586F2BB16F2C00272C6B /* ErrorMessage.swift */,
			);
			path = Helper;
			sourceTree = "<group>";
		};
		661A58712BB16F5000272C6B /* Network */ = {
			isa = PBXGroup;
			children = (
				661A58732BB16F5A00272C6B /* NetworkManager.swift */,
				661A58722BB16F5A00272C6B /* Url+Extension.swift */,
			);
			path = Network;
			sourceTree = "<group>";
		};
		661A58762BB16F8600272C6B /* Library */ = {
			isa = PBXGroup;
			children = (
				661A58772BB16F9600272C6B /* Reachability.swift */,
			);
			path = Library;
			sourceTree = "<group>";
		};
/* End PBXGroup section */

/* Begin PBXNativeTarget section */
		661A58372BB169D800272C6B /* ButterflyMovie */ = {
			isa = PBXNativeTarget;
			buildConfigurationList = 661A58622BB169D800272C6B /* Build configuration list for PBXNativeTarget "ButterflyMovie" */;
			buildPhases = (
				661A58342BB169D800272C6B /* Sources */,
				661A58352BB169D800272C6B /* Frameworks */,
				661A58362BB169D800272C6B /* Resources */,
			);
			buildRules = (
			);
			dependencies = (
			);
			name = ButterflyMovie;
			packageProductDependencies = (
				661A587A2BB16FF400272C6B /* Kingfisher */,
			);
			productName = ButterflyMovie;
			productReference = 661A58382BB169D800272C6B /* ButterflyMovie.app */;
			productType = "com.apple.product-type.application";
		};
		661A584D2BB169D800272C6B /* ButterflyMovieTests */ = {
			isa = PBXNativeTarget;
			buildConfigurationList = 661A58652BB169D800272C6B /* Build configuration list for PBXNativeTarget "ButterflyMovieTests" */;
			buildPhases = (
				661A584A2BB169D800272C6B /* Sources */,
				661A584B2BB169D800272C6B /* Frameworks */,
				661A584C2BB169D800272C6B /* Resources */,
			);
			buildRules = (
			);
			dependencies = (
				661A58502BB169D800272C6B /* PBXTargetDependency */,
			);
			name = ButterflyMovieTests;
			productName = ButterflyMovieTests;
			productReference = 661A584E2BB169D800272C6B /* ButterflyMovieTests.xctest */;
			productType = "com.apple.product-type.bundle.unit-test";
		};
		661A58572BB169D800272C6B /* ButterflyMovieUITests */ = {
			isa = PBXNativeTarget;
			buildConfigurationList = 661A58682BB169D800272C6B /* Build configuration list for PBXNativeTarget "ButterflyMovieUITests" */;
			buildPhases = (
				661A58542BB169D800272C6B /* Sources */,
				661A58552BB169D800272C6B /* Frameworks */,
				661A58562BB169D800272C6B /* Resources */,
			);
			buildRules = (
			);
			dependencies = (
				661A585A2BB169D800272C6B /* PBXTargetDependency */,
			);
			name = ButterflyMovieUITests;
			productName = ButterflyMovieUITests;
			productReference = 661A58582BB169D800272C6B /* ButterflyMovieUITests.xctest */;
			productType = "com.apple.product-type.bundle.ui-testing";
		};
/* End PBXNativeTarget section */

/* Begin PBXProject section */
		661A58302BB169D800272C6B /* Project object */ = {
			isa = PBXProject;
			attributes = {
				BuildIndependentTargetsInParallel = 1;
				LastSwiftUpdateCheck = 1530;
				LastUpgradeCheck = 1530;
				TargetAttributes = {
					661A58372BB169D800272C6B = {
						CreatedOnToolsVersion = 15.3;
					};
					661A584D2BB169D800272C6B = {
						CreatedOnToolsVersion = 15.3;
						TestTargetID = 661A58372BB169D800272C6B;
					};
					661A58572BB169D800272C6B = {
						CreatedOnToolsVersion = 15.3;
						TestTargetID = 661A58372BB169D800272C6B;
					};
				};
			};
			buildConfigurationList = 661A58332BB169D800272C6B /* Build configuration list for PBXProject "ButterflyMovie" */;
			compatibilityVersion = "Xcode 14.0";
			developmentRegion = en;
			hasScannedForEncodings = 0;
			knownRegions = (
				en,
				Base,
			);
			mainGroup = 661A582F2BB169D800272C6B;
			packageReferences = (
				661A58792BB16FF400272C6B /* XCRemoteSwiftPackageReference "Kingfisher" */,
			);
			productRefGroup = 661A58392BB169D800272C6B /* Products */;
			projectDirPath = "";
			projectRoot = "";
			targets = (
				661A58372BB169D800272C6B /* ButterflyMovie */,
				661A584D2BB169D800272C6B /* ButterflyMovieTests */,
				661A58572BB169D800272C6B /* ButterflyMovieUITests */,
			);
		};
/* End PBXProject section */

/* Begin PBXResourcesBuildPhase section */
		661A58362BB169D800272C6B /* Resources */ = {
			isa = PBXResourcesBuildPhase;
			buildActionMask = 2147483647;
			files = (
				661A58492BB169D800272C6B /* Preview Assets.xcassets in Resources */,
				661A58452BB169D800272C6B /* Assets.xcassets in Resources */,
			);
			runOnlyForDeploymentPostprocessing = 0;
		};
		661A584C2BB169D800272C6B /* Resources */ = {
			isa = PBXResourcesBuildPhase;
			buildActionMask = 2147483647;
			files = (
			);
			runOnlyForDeploymentPostprocessing = 0;
		};
		661A58562BB169D800272C6B /* Resources */ = {
			isa = PBXResourcesBuildPhase;
			buildActionMask = 2147483647;
			files = (
			);
			runOnlyForDeploymentPostprocessing = 0;
		};
/* End PBXResourcesBuildPhase section */

/* Begin PBXSourcesBuildPhase section */
		661A58342BB169D800272C6B /* Sources */ = {
			isa = PBXSourcesBuildPhase;
			buildActionMask = 2147483647;
			files = (
				661A583C2BB169D800272C6B /* ButterflyMovieApp.swift in Sources */,
				661A58412BB169D800272C6B /* ButterflyMovie.xcdatamodeld in Sources */,
				661A58702BB16F2C00272C6B /* ErrorMessage.swift in Sources */,
				661A58752BB16F5A00272C6B /* NetworkManager.swift in Sources */,
				661A58432BB169D800272C6B /* ContentView.swift in Sources */,
				661A583E2BB169D800272C6B /* Persistence.swift in Sources */,
				661A58782BB16F9600272C6B /* Reachability.swift in Sources */,
				661A58742BB16F5A00272C6B /* Url+Extension.swift in Sources */,
			);
			runOnlyForDeploymentPostprocessing = 0;
		};
		661A584A2BB169D800272C6B /* Sources */ = {
			isa = PBXSourcesBuildPhase;
			buildActionMask = 2147483647;
			files = (
				661A58532BB169D800272C6B /* ButterflyMovieTests.swift in Sources */,
			);
			runOnlyForDeploymentPostprocessing = 0;
		};
		661A58542BB169D800272C6B /* Sources */ = {
			isa = PBXSourcesBuildPhase;
			buildActionMask = 2147483647;
			files = (
				661A585D2BB169D800272C6B /* ButterflyMovieUITests.swift in Sources */,
				661A585F2BB169D800272C6B /* ButterflyMovieUITestsLaunchTests.swift in Sources */,
			);
			runOnlyForDeploymentPostprocessing = 0;
		};
/* End PBXSourcesBuildPhase section */

/* Begin PBXTargetDependency section */
		661A58502BB169D800272C6B /* PBXTargetDependency */ = {
			isa = PBXTargetDependency;
			target = 661A58372BB169D800272C6B /* ButterflyMovie */;
			targetProxy = 661A584F2BB169D800272C6B /* PBXContainerItemProxy */;
		};
		661A585A2BB169D800272C6B /* PBXTargetDependency */ = {
			isa = PBXTargetDependency;
			target = 661A58372BB169D800272C6B /* ButterflyMovie */;
			targetProxy = 661A58592BB169D800272C6B /* PBXContainerItemProxy */;
		};
/* End PBXTargetDependency section */

/* Begin XCBuildConfiguration section */
		661A58602BB169D800272C6B /* Debug */ = {
			isa = XCBuildConfiguration;
			buildSettings = {
				ALWAYS_SEARCH_USER_PATHS = NO;
				ASSETCATALOG_COMPILER_GENERATE_SWIFT_ASSET_SYMBOL_EXTENSIONS = YES;
				CLANG_ANALYZER_NONNULL = YES;
				CLANG_ANALYZER_NUMBER_OBJECT_CONVERSION = YES_AGGRESSIVE;
				CLANG_CXX_LANGUAGE_STANDARD = "gnu++20";
				CLANG_ENABLE_MODULES = YES;
				CLANG_ENABLE_OBJC_ARC = YES;
				CLANG_ENABLE_OBJC_WEAK = YES;
				CLANG_WARN_BLOCK_CAPTURE_AUTORELEASING = YES;
				CLANG_WARN_BOOL_CONVERSION = YES;
				CLANG_WARN_COMMA = YES;
				CLANG_WARN_CONSTANT_CONVERSION = YES;
				CLANG_WARN_DEPRECATED_OBJC_IMPLEMENTATIONS = YES;
				CLANG_WARN_DIRECT_OBJC_ISA_USAGE = YES_ERROR;
				CLANG_WARN_DOCUMENTATION_COMMENTS = YES;
				CLANG_WARN_EMPTY_BODY = YES;
				CLANG_WARN_ENUM_CONVERSION = YES;
				CLANG_WARN_INFINITE_RECURSION = YES;
				CLANG_WARN_INT_CONVERSION = YES;
				CLANG_WARN_NON_LITERAL_NULL_CONVERSION = YES;
				CLANG_WARN_OBJC_IMPLICIT_RETAIN_SELF = YES;
				CLANG_WARN_OBJC_LITERAL_CONVERSION = YES;
				CLANG_WARN_OBJC_ROOT_CLASS = YES_ERROR;
				CLANG_WARN_QUOTED_INCLUDE_IN_FRAMEWORK_HEADER = YES;
				CLANG_WARN_RANGE_LOOP_ANALYSIS = YES;
				CLANG_WARN_STRICT_PROTOTYPES = YES;
				CLANG_WARN_SUSPICIOUS_MOVE = YES;
				CLANG_WARN_UNGUARDED_AVAILABILITY = YES_AGGRESSIVE;
				CLANG_WARN_UNREACHABLE_CODE = YES;
				CLANG_WARN__DUPLICATE_METHOD_MATCH = YES;
				COPY_PHASE_STRIP = NO;
				DEBUG_INFORMATION_FORMAT = dwarf;
				ENABLE_STRICT_OBJC_MSGSEND = YES;
				ENABLE_TESTABILITY = YES;
				ENABLE_USER_SCRIPT_SANDBOXING = YES;
				GCC_C_LANGUAGE_STANDARD = gnu17;
				GCC_DYNAMIC_NO_PIC = NO;
				GCC_NO_COMMON_BLOCKS = YES;
				GCC_OPTIMIZATION_LEVEL = 0;
				GCC_PREPROCESSOR_DEFINITIONS = (
					"DEBUG=1",
					"$(inherited)",
				);
				GCC_WARN_64_TO_32_BIT_CONVERSION = YES;
				GCC_WARN_ABOUT_RETURN_TYPE = YES_ERROR;
				GCC_WARN_UNDECLARED_SELECTOR = YES;
				GCC_WARN_UNINITIALIZED_AUTOS = YES_AGGRESSIVE;
				GCC_WARN_UNUSED_FUNCTION = YES;
				GCC_WARN_UNUSED_VARIABLE = YES;
				LOCALIZATION_PREFERS_STRING_CATALOGS = YES;
				MTL_ENABLE_DEBUG_INFO = INCLUDE_SOURCE;
				MTL_FAST_MATH = YES;
				ONLY_ACTIVE_ARCH = YES;
				SWIFT_ACTIVE_COMPILATION_CONDITIONS = "DEBUG $(inherited)";
				SWIFT_OPTIMIZATION_LEVEL = "-Onone";
			};
			name = Debug;
		};
		661A58612BB169D800272C6B /* Release */ = {
			isa = XCBuildConfiguration;
			buildSettings = {
				ALWAYS_SEARCH_USER_PATHS = NO;
				ASSETCATALOG_COMPILER_GENERATE_SWIFT_ASSET_SYMBOL_EXTENSIONS = YES;
				CLANG_ANALYZER_NONNULL = YES;
				CLANG_ANALYZER_NUMBER_OBJECT_CONVERSION = YES_AGGRESSIVE;
				CLANG_CXX_LANGUAGE_STANDARD = "gnu++20";
				CLANG_ENABLE_MODULES = YES;
				CLANG_ENABLE_OBJC_ARC = YES;
				CLANG_ENABLE_OBJC_WEAK = YES;
				CLANG_WARN_BLOCK_CAPTURE_AUTORELEASING = YES;
				CLANG_WARN_BOOL_CONVERSION = YES;
				CLANG_WARN_COMMA = YES;
				CLANG_WARN_CONSTANT_CONVERSION = YES;
				CLANG_WARN_DEPRECATED_OBJC_IMPLEMENTATIONS = YES;
				CLANG_WARN_DIRECT_OBJC_ISA_USAGE = YES_ERROR;
				CLANG_WARN_DOCUMENTATION_COMMENTS = YES;
				CLANG_WARN_EMPTY_BODY = YES;
				CLANG_WARN_ENUM_CONVERSION = YES;
				CLANG_WARN_INFINITE_RECURSION = YES;
				CLANG_WARN_INT_CONVERSION = YES;
				CLANG_WARN_NON_LITERAL_NULL_CONVERSION = YES;
				CLANG_WARN_OBJC_IMPLICIT_RETAIN_SELF = YES;
				CLANG_WARN_OBJC_LITERAL_CONVERSION = YES;
				CLANG_WARN_OBJC_ROOT_CLASS = YES_ERROR;
				CLANG_WARN_QUOTED_INCLUDE_IN_FRAMEWORK_HEADER = YES;
				CLANG_WARN_RANGE_LOOP_ANALYSIS = YES;
				CLANG_WARN_STRICT_PROTOTYPES = YES;
				CLANG_WARN_SUSPICIOUS_MOVE = YES;
				CLANG_WARN_UNGUARDED_AVAILABILITY = YES_AGGRESSIVE;
				CLANG_WARN_UNREACHABLE_CODE = YES;
				CLANG_WARN__DUPLICATE_METHOD_MATCH = YES;
				COPY_PHASE_STRIP = NO;
				DEBUG_INFORMATION_FORMAT = "dwarf-with-dsym";
				ENABLE_NS_ASSERTIONS = NO;
				ENABLE_STRICT_OBJC_MSGSEND = YES;
				ENABLE_USER_SCRIPT_SANDBOXING = YES;
				GCC_C_LANGUAGE_STANDARD = gnu17;
				GCC_NO_COMMON_BLOCKS = YES;
				GCC_WARN_64_TO_32_BIT_CONVERSION = YES;
				GCC_WARN_ABOUT_RETURN_TYPE = YES_ERROR;
				GCC_WARN_UNDECLARED_SELECTOR = YES;
				GCC_WARN_UNINITIALIZED_AUTOS = YES_AGGRESSIVE;
				GCC_WARN_UNUSED_FUNCTION = YES;
				GCC_WARN_UNUSED_VARIABLE = YES;
				LOCALIZATION_PREFERS_STRING_CATALOGS = YES;
				MTL_ENABLE_DEBUG_INFO = NO;
				MTL_FAST_MATH = YES;
				SWIFT_COMPILATION_MODE = wholemodule;
			};
			name = Release;
		};
		661A58632BB169D800272C6B /* Debug */ = {
			isa = XCBuildConfiguration;
			buildSettings = {
				ASSETCATALOG_COMPILER_APPICON_NAME = AppIcon;
				ASSETCATALOG_COMPILER_GLOBAL_ACCENT_COLOR_NAME = AccentColor;
				CODE_SIGN_ENTITLEMENTS = ButterflyMovie/ButterflyMovie.entitlements;
				CODE_SIGN_STYLE = Automatic;
				CURRENT_PROJECT_VERSION = 1;
				DEVELOPMENT_ASSET_PATHS = "\"ButterflyMovie/Preview Content\"";
				DEVELOPMENT_TEAM = 6C2EWSB9Q3;
				ENABLE_HARDENED_RUNTIME = YES;
				ENABLE_PREVIEWS = YES;
				GENERATE_INFOPLIST_FILE = YES;
				"INFOPLIST_KEY_UIApplicationSceneManifest_Generation[sdk=iphoneos*]" = YES;
				"INFOPLIST_KEY_UIApplicationSceneManifest_Generation[sdk=iphonesimulator*]" = YES;
				"INFOPLIST_KEY_UIApplicationSupportsIndirectInputEvents[sdk=iphoneos*]" = YES;
				"INFOPLIST_KEY_UIApplicationSupportsIndirectInputEvents[sdk=iphonesimulator*]" = YES;
				"INFOPLIST_KEY_UILaunchScreen_Generation[sdk=iphoneos*]" = YES;
				"INFOPLIST_KEY_UILaunchScreen_Generation[sdk=iphonesimulator*]" = YES;
				"INFOPLIST_KEY_UIStatusBarStyle[sdk=iphoneos*]" = UIStatusBarStyleDefault;
				"INFOPLIST_KEY_UIStatusBarStyle[sdk=iphonesimulator*]" = UIStatusBarStyleDefault;
				INFOPLIST_KEY_UISupportedInterfaceOrientations_iPad = "UIInterfaceOrientationPortrait UIInterfaceOrientationPortraitUpsideDown UIInterfaceOrientationLandscapeLeft UIInterfaceOrientationLandscapeRight";
				INFOPLIST_KEY_UISupportedInterfaceOrientations_iPhone = "UIInterfaceOrientationPortrait UIInterfaceOrientationLandscapeLeft UIInterfaceOrientationLandscapeRight";
				IPHONEOS_DEPLOYMENT_TARGET = 17.4;
				LD_RUNPATH_SEARCH_PATHS = "@executable_path/Frameworks";
				"LD_RUNPATH_SEARCH_PATHS[sdk=macosx*]" = "@executable_path/../Frameworks";
				MACOSX_DEPLOYMENT_TARGET = 14.3;
				MARKETING_VERSION = 1.0;
				PRODUCT_BUNDLE_IDENTIFIER = tiwari1amrit.ButterflyMovie;
				PRODUCT_NAME = "$(TARGET_NAME)";
				SDKROOT = auto;
				SUPPORTED_PLATFORMS = "iphoneos iphonesimulator macosx";
				SWIFT_EMIT_LOC_STRINGS = YES;
				SWIFT_VERSION = 5.0;
				TARGETED_DEVICE_FAMILY = "1,2";
			};
			name = Debug;
		};
		661A58642BB169D800272C6B /* Release */ = {
			isa = XCBuildConfiguration;
			buildSettings = {
				ASSETCATALOG_COMPILER_APPICON_NAME = AppIcon;
				ASSETCATALOG_COMPILER_GLOBAL_ACCENT_COLOR_NAME = AccentColor;
				CODE_SIGN_ENTITLEMENTS = ButterflyMovie/ButterflyMovie.entitlements;
				CODE_SIGN_STYLE = Automatic;
				CURRENT_PROJECT_VERSION = 1;
				DEVELOPMENT_ASSET_PATHS = "\"ButterflyMovie/Preview Content\"";
				DEVELOPMENT_TEAM = 6C2EWSB9Q3;
				ENABLE_HARDENED_RUNTIME = YES;
				ENABLE_PREVIEWS = YES;
				GENERATE_INFOPLIST_FILE = YES;
				"INFOPLIST_KEY_UIApplicationSceneManifest_Generation[sdk=iphoneos*]" = YES;
				"INFOPLIST_KEY_UIApplicationSceneManifest_Generation[sdk=iphonesimulator*]" = YES;
				"INFOPLIST_KEY_UIApplicationSupportsIndirectInputEvents[sdk=iphoneos*]" = YES;
				"INFOPLIST_KEY_UIApplicationSupportsIndirectInputEvents[sdk=iphonesimulator*]" = YES;
				"INFOPLIST_KEY_UILaunchScreen_Generation[sdk=iphoneos*]" = YES;
				"INFOPLIST_KEY_UILaunchScreen_Generation[sdk=iphonesimulator*]" = YES;
				"INFOPLIST_KEY_UIStatusBarStyle[sdk=iphoneos*]" = UIStatusBarStyleDefault;
				"INFOPLIST_KEY_UIStatusBarStyle[sdk=iphonesimulator*]" = UIStatusBarStyleDefault;
				INFOPLIST_KEY_UISupportedInterfaceOrientations_iPad = "UIInterfaceOrientationPortrait UIInterfaceOrientationPortraitUpsideDown UIInterfaceOrientationLandscapeLeft UIInterfaceOrientationLandscapeRight";
				INFOPLIST_KEY_UISupportedInterfaceOrientations_iPhone = "UIInterfaceOrientationPortrait UIInterfaceOrientationLandscapeLeft UIInterfaceOrientationLandscapeRight";
				IPHONEOS_DEPLOYMENT_TARGET = 17.4;
				LD_RUNPATH_SEARCH_PATHS = "@executable_path/Frameworks";
				"LD_RUNPATH_SEARCH_PATHS[sdk=macosx*]" = "@executable_path/../Frameworks";
				MACOSX_DEPLOYMENT_TARGET = 14.3;
				MARKETING_VERSION = 1.0;
				PRODUCT_BUNDLE_IDENTIFIER = tiwari1amrit.ButterflyMovie;
				PRODUCT_NAME = "$(TARGET_NAME)";
				SDKROOT = auto;
				SUPPORTED_PLATFORMS = "iphoneos iphonesimulator macosx";
				SWIFT_EMIT_LOC_STRINGS = YES;
				SWIFT_VERSION = 5.0;
				TARGETED_DEVICE_FAMILY = "1,2";
			};
			name = Release;
		};
		661A58662BB169D800272C6B /* Debug */ = {
			isa = XCBuildConfiguration;
			buildSettings = {
				ALWAYS_EMBED_SWIFT_STANDARD_LIBRARIES = YES;
				BUNDLE_LOADER = "$(TEST_HOST)";
				CODE_SIGN_STYLE = Automatic;
				CURRENT_PROJECT_VERSION = 1;
				DEVELOPMENT_TEAM = 6C2EWSB9Q3;
				GENERATE_INFOPLIST_FILE = YES;
				IPHONEOS_DEPLOYMENT_TARGET = 17.4;
				MACOSX_DEPLOYMENT_TARGET = 14.3;
				MARKETING_VERSION = 1.0;
				PRODUCT_BUNDLE_IDENTIFIER = tiwari1amrit.ButterflyMovieTests;
				PRODUCT_NAME = "$(TARGET_NAME)";
				SDKROOT = auto;
				SUPPORTED_PLATFORMS = "iphoneos iphonesimulator macosx";
				SWIFT_EMIT_LOC_STRINGS = NO;
				SWIFT_VERSION = 5.0;
				TARGETED_DEVICE_FAMILY = "1,2";
				TEST_HOST = "$(BUILT_PRODUCTS_DIR)/ButterflyMovie.app/$(BUNDLE_EXECUTABLE_FOLDER_PATH)/ButterflyMovie";
			};
			name = Debug;
		};
		661A58672BB169D800272C6B /* Release */ = {
			isa = XCBuildConfiguration;
			buildSettings = {
				ALWAYS_EMBED_SWIFT_STANDARD_LIBRARIES = YES;
				BUNDLE_LOADER = "$(TEST_HOST)";
				CODE_SIGN_STYLE = Automatic;
				CURRENT_PROJECT_VERSION = 1;
				DEVELOPMENT_TEAM = 6C2EWSB9Q3;
				GENERATE_INFOPLIST_FILE = YES;
				IPHONEOS_DEPLOYMENT_TARGET = 17.4;
				MACOSX_DEPLOYMENT_TARGET = 14.3;
				MARKETING_VERSION = 1.0;
				PRODUCT_BUNDLE_IDENTIFIER = tiwari1amrit.ButterflyMovieTests;
				PRODUCT_NAME = "$(TARGET_NAME)";
				SDKROOT = auto;
				SUPPORTED_PLATFORMS = "iphoneos iphonesimulator macosx";
				SWIFT_EMIT_LOC_STRINGS = NO;
				SWIFT_VERSION = 5.0;
				TARGETED_DEVICE_FAMILY = "1,2";
				TEST_HOST = "$(BUILT_PRODUCTS_DIR)/ButterflyMovie.app/$(BUNDLE_EXECUTABLE_FOLDER_PATH)/ButterflyMovie";
			};
			name = Release;
		};
		661A58692BB169D800272C6B /* Debug */ = {
			isa = XCBuildConfiguration;
			buildSettings = {
				ALWAYS_EMBED_SWIFT_STANDARD_LIBRARIES = YES;
				CODE_SIGN_STYLE = Automatic;
				CURRENT_PROJECT_VERSION = 1;
				DEVELOPMENT_TEAM = 6C2EWSB9Q3;
				GENERATE_INFOPLIST_FILE = YES;
				IPHONEOS_DEPLOYMENT_TARGET = 17.4;
				MACOSX_DEPLOYMENT_TARGET = 14.3;
				MARKETING_VERSION = 1.0;
				PRODUCT_BUNDLE_IDENTIFIER = tiwari1amrit.ButterflyMovieUITests;
				PRODUCT_NAME = "$(TARGET_NAME)";
				SDKROOT = auto;
				SUPPORTED_PLATFORMS = "iphoneos iphonesimulator macosx";
				SWIFT_EMIT_LOC_STRINGS = NO;
				SWIFT_VERSION = 5.0;
				TARGETED_DEVICE_FAMILY = "1,2";
				TEST_TARGET_NAME = ButterflyMovie;
			};
			name = Debug;
		};
		661A586A2BB169D800272C6B /* Release */ = {
			isa = XCBuildConfiguration;
			buildSettings = {
				ALWAYS_EMBED_SWIFT_STANDARD_LIBRARIES = YES;
				CODE_SIGN_STYLE = Automatic;
				CURRENT_PROJECT_VERSION = 1;
				DEVELOPMENT_TEAM = 6C2EWSB9Q3;
				GENERATE_INFOPLIST_FILE = YES;
				IPHONEOS_DEPLOYMENT_TARGET = 17.4;
				MACOSX_DEPLOYMENT_TARGET = 14.3;
				MARKETING_VERSION = 1.0;
				PRODUCT_BUNDLE_IDENTIFIER = tiwari1amrit.ButterflyMovieUITests;
				PRODUCT_NAME = "$(TARGET_NAME)";
				SDKROOT = auto;
				SUPPORTED_PLATFORMS = "iphoneos iphonesimulator macosx";
				SWIFT_EMIT_LOC_STRINGS = NO;
				SWIFT_VERSION = 5.0;
				TARGETED_DEVICE_FAMILY = "1,2";
				TEST_TARGET_NAME = ButterflyMovie;
			};
			name = Release;
		};
/* End XCBuildConfiguration section */

/* Begin XCConfigurationList section */
		661A58332BB169D800272C6B /* Build configuration list for PBXProject "ButterflyMovie" */ = {
			isa = XCConfigurationList;
			buildConfigurations = (
				661A58602BB169D800272C6B /* Debug */,
				661A58612BB169D800272C6B /* Release */,
			);
			defaultConfigurationIsVisible = 0;
			defaultConfigurationName = Release;
		};
		661A58622BB169D800272C6B /* Build configuration list for PBXNativeTarget "ButterflyMovie" */ = {
			isa = XCConfigurationList;
			buildConfigurations = (
				661A58632BB169D800272C6B /* Debug */,
				661A58642BB169D800272C6B /* Release */,
			);
			defaultConfigurationIsVisible = 0;
			defaultConfigurationName = Release;
		};
		661A58652BB169D800272C6B /* Build configuration list for PBXNativeTarget "ButterflyMovieTests" */ = {
			isa = XCConfigurationList;
			buildConfigurations = (
				661A58662BB169D800272C6B /* Debug */,
				661A58672BB169D800272C6B /* Release */,
			);
			defaultConfigurationIsVisible = 0;
			defaultConfigurationName = Release;
		};
		661A58682BB169D800272C6B /* Build configuration list for PBXNativeTarget "ButterflyMovieUITests" */ = {
			isa = XCConfigurationList;
			buildConfigurations = (
				661A58692BB169D800272C6B /* Debug */,
				661A586A2BB169D800272C6B /* Release */,
			);
			defaultConfigurationIsVisible = 0;
			defaultConfigurationName = Release;
		};
/* End XCConfigurationList section */

/* Begin XCRemoteSwiftPackageReference section */
		661A58792BB16FF400272C6B /* XCRemoteSwiftPackageReference "Kingfisher" */ = {
			isa = XCRemoteSwiftPackageReference;
			repositoryURL = "https://github.com/onevcat/Kingfisher.git";
			requirement = {
				kind = upToNextMajorVersion;
				minimumVersion = 7.11.0;
			};
		};
/* End XCRemoteSwiftPackageReference section */

/* Begin XCSwiftPackageProductDependency section */
		661A587A2BB16FF400272C6B /* Kingfisher */ = {
			isa = XCSwiftPackageProductDependency;
			package = 661A58792BB16FF400272C6B /* XCRemoteSwiftPackageReference "Kingfisher" */;
			productName = Kingfisher;
		};
/* End XCSwiftPackageProductDependency section */

/* Begin XCVersionGroup section */
		661A583F2BB169D800272C6B /* ButterflyMovie.xcdatamodeld */ = {
			isa = XCVersionGroup;
			children = (
				661A58402BB169D800272C6B /* ButterflyMovie.xcdatamodel */,
			);
			currentVersion = 661A58402BB169D800272C6B /* ButterflyMovie.xcdatamodel */;
			path = ButterflyMovie.xcdatamodeld;
			sourceTree = "<group>";
			versionGroupType = wrapper.xcdatamodel;
		};
/* End XCVersionGroup section */
	};
	rootObject = 661A58302BB169D800272C6B /* Project object */;
}
